// !$*UTF8*$!
{
	archiveVersion = 1;
	classes = {
	};
	objectVersion = 46;
	objects = {

/* Begin PBXBuildFile section */
		1304F438170B1BFB007EE125 /* LPSearchBar.m in Sources */ = {isa = PBXBuildFile; fileRef = 1304F437170B1BFB007EE125 /* LPSearchBar.m */; };
		13252474170ABCC70025B78D /* LPPhoneBooth.m in Sources */ = {isa = PBXBuildFile; fileRef = 13252473170ABCC70025B78D /* LPPhoneBooth.m */; };
		132D2724170076AA00967E5C /* footer.html in Resources */ = {isa = PBXBuildFile; fileRef = 132D26DE170076AA00967E5C /* footer.html */; };
		132D2725170076AA00967E5C /* header.html in Resources */ = {isa = PBXBuildFile; fileRef = 132D26DF170076AA00967E5C /* header.html */; };
		132D2726170076AA00967E5C /* main-info.plist in Resources */ = {isa = PBXBuildFile; fileRef = 132D26E0170076AA00967E5C /* main-info.plist */; };
		132D2728170076AA00967E5C /* style.css in Resources */ = {isa = PBXBuildFile; fileRef = 132D26E2170076AA00967E5C /* style.css */; };
		132D272C170076AA00967E5C /* summary.html in Resources */ = {isa = PBXBuildFile; fileRef = 132D26E7170076AA00967E5C /* summary.html */; };
		134EA9A2170DB7BE00F4D166 /* MessageUI.framework in Frameworks */ = {isa = PBXBuildFile; fileRef = 134EA9A1170DB7BE00F4D166 /* MessageUI.framework */; };
		134EA9AB170DBB6000F4D166 /* Localizable.strings in Resources */ = {isa = PBXBuildFile; fileRef = 134EA9AD170DBB6000F4D166 /* Localizable.strings */; };
		134EA9B4170DBF8700F4D166 /* InfoPage.plist in Resources */ = {isa = PBXBuildFile; fileRef = 134EA9B3170DBF8700F4D166 /* InfoPage.plist */; };
		134EAA4C170DC4FE00F4D166 /* BG-background.png in Resources */ = {isa = PBXBuildFile; fileRef = 134EAA42170DC4FE00F4D166 /* BG-background.png */; };
		134EAA4D170DC4FE00F4D166 /* BG-logo.png in Resources */ = {isa = PBXBuildFile; fileRef = 134EAA43170DC4FE00F4D166 /* BG-logo.png */; };
		134EAA4E170DC4FE00F4D166 /* BG-twitter.png in Resources */ = {isa = PBXBuildFile; fileRef = 134EAA44170DC4FE00F4D166 /* BG-twitter.png */; };
		134EAA4F170DC4FE00F4D166 /* BGCommonGraphics.m in Sources */ = {isa = PBXBuildFile; fileRef = 134EAA46170DC4FE00F4D166 /* BGCommonGraphics.m */; };
		134EAA50170DC4FE00F4D166 /* BGInfoNavigationControllerDelegate.m in Sources */ = {isa = PBXBuildFile; fileRef = 134EAA48170DC4FE00F4D166 /* BGInfoNavigationControllerDelegate.m */; };
		134EAA51170DC4FE00F4D166 /* BGInfoViewController.m in Sources */ = {isa = PBXBuildFile; fileRef = 134EAA4A170DC4FE00F4D166 /* BGInfoViewController.m */; };
		134EAA52170DC4FE00F4D166 /* BGInfoViewController.xib in Resources */ = {isa = PBXBuildFile; fileRef = 134EAA4B170DC4FE00F4D166 /* BGInfoViewController.xib */; };
		135BBE89170C618900F3BE90 /* Icon-poison_57.png in Resources */ = {isa = PBXBuildFile; fileRef = 135BBE88170C618900F3BE90 /* Icon-poison_57.png */; };
		135BBE8B170C618B00F3BE90 /* Icon-poison_114.png in Resources */ = {isa = PBXBuildFile; fileRef = 135BBE8A170C618B00F3BE90 /* Icon-poison_114.png */; };
		1363FE54170C8B7A003624BE /* Icon-poison_57-beta.png in Resources */ = {isa = PBXBuildFile; fileRef = 1363FE53170C8B7A003624BE /* Icon-poison_57-beta.png */; };
		1363FE56170C8B7F003624BE /* Icon-poison_114-beta.png in Resources */ = {isa = PBXBuildFile; fileRef = 1363FE55170C8B7F003624BE /* Icon-poison_114-beta.png */; };
		13794DDA16EBE0C6003EF093 /* LPPoisonDataSource.m in Sources */ = {isa = PBXBuildFile; fileRef = 13794DD916EBE0C6003EF093 /* LPPoisonDataSource.m */; };
		13794DDD16EBE223003EF093 /* LPPoisonTableViewController.m in Sources */ = {isa = PBXBuildFile; fileRef = 13794DDC16EBE223003EF093 /* LPPoisonTableViewController.m */; };
		1381B34516F4A4B400143FEA /* LPPoison.m in Sources */ = {isa = PBXBuildFile; fileRef = 1381B34416F4A4B400143FEA /* LPPoison.m */; };
		1381B36216F4E82800143FEA /* LPHtmlStringHelper.m in Sources */ = {isa = PBXBuildFile; fileRef = 1381B36116F4E82800143FEA /* LPHtmlStringHelper.m */; };
		1397DDA716ED0A060061087F /* libz.1.1.3.dylib in Frameworks */ = {isa = PBXBuildFile; fileRef = 1397DDA616ED0A060061087F /* libz.1.1.3.dylib */; };
		13A0B6721709E67F00B4970F /* topics.json in Resources */ = {isa = PBXBuildFile; fileRef = 13A0B6711709E67F00B4970F /* topics.json */; };
		13A0B67A1709EB7200B4970F /* LPTopic.m in Sources */ = {isa = PBXBuildFile; fileRef = 13A0B6791709EB7200B4970F /* LPTopic.m */; };
		13A0B6801709F7BD00B4970F /* LPJSONfromWP.m in Sources */ = {isa = PBXBuildFile; fileRef = 13A0B67F1709F7BD00B4970F /* LPJSONfromWP.m */; };
		13A0B6831709FBF100B4970F /* LPPoisonDataFromWP.m in Sources */ = {isa = PBXBuildFile; fileRef = 13A0B6821709FBF100B4970F /* LPPoisonDataFromWP.m */; };
		13A0B686170A08C900B4970F /* LPTopicDataFromWP.m in Sources */ = {isa = PBXBuildFile; fileRef = 13A0B685170A08C900B4970F /* LPTopicDataFromWP.m */; };
		13A0B689170A3ECF00B4970F /* LPTopicDataSource.m in Sources */ = {isa = PBXBuildFile; fileRef = 13A0B688170A3ECE00B4970F /* LPTopicDataSource.m */; };
		13D7F440170455EB001D7F93 /* poisons.json in Resources */ = {isa = PBXBuildFile; fileRef = 13D7F43F170455EB001D7F93 /* poisons.json */; };
		13EB1A1F16EBA9EE00170579 /* LPMainViewController.m in Sources */ = {isa = PBXBuildFile; fileRef = 13EB1A1E16EBA9EE00170579 /* LPMainViewController.m */; };
		13EC390916EB9FE8005244BD /* UIKit.framework in Frameworks */ = {isa = PBXBuildFile; fileRef = 13EC390816EB9FE8005244BD /* UIKit.framework */; };
		13EC390B16EB9FE8005244BD /* Foundation.framework in Frameworks */ = {isa = PBXBuildFile; fileRef = 13EC390A16EB9FE8005244BD /* Foundation.framework */; };
		13EC390D16EB9FE8005244BD /* CoreGraphics.framework in Frameworks */ = {isa = PBXBuildFile; fileRef = 13EC390C16EB9FE8005244BD /* CoreGraphics.framework */; };
		13EC390F16EB9FE8005244BD /* CoreData.framework in Frameworks */ = {isa = PBXBuildFile; fileRef = 13EC390E16EB9FE8005244BD /* CoreData.framework */; };
		13EC391716EB9FE8005244BD /* main.m in Sources */ = {isa = PBXBuildFile; fileRef = 13EC391616EB9FE8005244BD /* main.m */; };
		13EC391B16EB9FE8005244BD /* LPAppDelegate.m in Sources */ = {isa = PBXBuildFile; fileRef = 13EC391A16EB9FE8005244BD /* LPAppDelegate.m */; };
		13EC391D16EB9FE8005244BD /* Default.png in Resources */ = {isa = PBXBuildFile; fileRef = 13EC391C16EB9FE8005244BD /* Default.png */; };
		13EC391F16EB9FE8005244BD /* Default@2x.png in Resources */ = {isa = PBXBuildFile; fileRef = 13EC391E16EB9FE8005244BD /* Default@2x.png */; };
		13EC392116EB9FE8005244BD /* Default-568h@2x.png in Resources */ = {isa = PBXBuildFile; fileRef = 13EC392016EB9FE8005244BD /* Default-568h@2x.png */; };
		13EC392C16EB9FE8005244BD /* SenTestingKit.framework in Frameworks */ = {isa = PBXBuildFile; fileRef = 13EC392B16EB9FE8005244BD /* SenTestingKit.framework */; };
		13EC392D16EB9FE8005244BD /* UIKit.framework in Frameworks */ = {isa = PBXBuildFile; fileRef = 13EC390816EB9FE8005244BD /* UIKit.framework */; };
		13EC392E16EB9FE8005244BD /* Foundation.framework in Frameworks */ = {isa = PBXBuildFile; fileRef = 13EC390A16EB9FE8005244BD /* Foundation.framework */; };
		13EC392F16EB9FE8005244BD /* CoreData.framework in Frameworks */ = {isa = PBXBuildFile; fileRef = 13EC390E16EB9FE8005244BD /* CoreData.framework */; };
		13EC393A16EB9FE8005244BD /* Lilly_PoisenTests.m in Sources */ = {isa = PBXBuildFile; fileRef = 13EC393916EB9FE8005244BD /* Lilly_PoisenTests.m */; };
		13EC394416EBA0A8005244BD /* MainStoryboard.storyboard in Resources */ = {isa = PBXBuildFile; fileRef = 13EC394316EBA0A8005244BD /* MainStoryboard.storyboard */; };
		13EC394516EBA0A8005244BD /* MainStoryboard.storyboard in Resources */ = {isa = PBXBuildFile; fileRef = 13EC394316EBA0A8005244BD /* MainStoryboard.storyboard */; };
		5341C5AB4CC94BEBAC81624D /* libPods.a in Frameworks */ = {isa = PBXBuildFile; fileRef = CFC2B241B0EB42DF9EDE0157 /* libPods.a */; };
/* End PBXBuildFile section */

/* Begin PBXContainerItemProxy section */
		13EC393016EB9FE8005244BD /* PBXContainerItemProxy */ = {
			isa = PBXContainerItemProxy;
			containerPortal = 13EC38FD16EB9FE8005244BD /* Project object */;
			proxyType = 1;
			remoteGlobalIDString = 13EC390416EB9FE8005244BD;
			remoteInfo = "Lilly Poisen";
		};
/* End PBXContainerItemProxy section */

/* Begin PBXFileReference section */
		1304F436170B1BFB007EE125 /* LPSearchBar.h */ = {isa = PBXFileReference; fileEncoding = 4; lastKnownFileType = sourcecode.c.h; path = LPSearchBar.h; sourceTree = "<group>"; };
		1304F437170B1BFB007EE125 /* LPSearchBar.m */ = {isa = PBXFileReference; fileEncoding = 4; lastKnownFileType = sourcecode.c.objc; path = LPSearchBar.m; sourceTree = "<group>"; };
		13252472170ABCC70025B78D /* LPPhoneBooth.h */ = {isa = PBXFileReference; fileEncoding = 4; lastKnownFileType = sourcecode.c.h; path = LPPhoneBooth.h; sourceTree = "<group>"; };
		13252473170ABCC70025B78D /* LPPhoneBooth.m */ = {isa = PBXFileReference; fileEncoding = 4; lastKnownFileType = sourcecode.c.objc; path = LPPhoneBooth.m; sourceTree = "<group>"; };
		132D26DE170076AA00967E5C /* footer.html */ = {isa = PBXFileReference; fileEncoding = 4; lastKnownFileType = text.html; name = footer.html; path = structure/footer.html; sourceTree = "<group>"; };
		132D26DF170076AA00967E5C /* header.html */ = {isa = PBXFileReference; fileEncoding = 4; lastKnownFileType = text.html; name = header.html; path = structure/header.html; sourceTree = "<group>"; };
		132D26E0170076AA00967E5C /* main-info.plist */ = {isa = PBXFileReference; fileEncoding = 4; lastKnownFileType = text.plist.xml; name = "main-info.plist"; path = "structure/main-info.plist"; sourceTree = "<group>"; };
		132D26E2170076AA00967E5C /* style.css */ = {isa = PBXFileReference; fileEncoding = 4; lastKnownFileType = text.css; name = style.css; path = structure/style.css; sourceTree = "<group>"; };
		132D26E7170076AA00967E5C /* summary.html */ = {isa = PBXFileReference; fileEncoding = 4; lastKnownFileType = text.html; name = summary.html; path = general/summary.html; sourceTree = "<group>"; };
		134EA9A1170DB7BE00F4D166 /* MessageUI.framework */ = {isa = PBXFileReference; lastKnownFileType = wrapper.framework; name = MessageUI.framework; path = System/Library/Frameworks/MessageUI.framework; sourceTree = SDKROOT; };
		134EA9AE170DBB6A00F4D166 /* nb */ = {isa = PBXFileReference; lastKnownFileType = file; name = nb; path = nb.lproj/Localizable.strings; sourceTree = "<group>"; };
		134EA9B3170DBF8700F4D166 /* InfoPage.plist */ = {isa = PBXFileReference; fileEncoding = 4; lastKnownFileType = text.plist.xml; path = InfoPage.plist; sourceTree = "<group>"; };
		134EAA42170DC4FE00F4D166 /* BG-background.png */ = {isa = PBXFileReference; lastKnownFileType = image.png; path = "BG-background.png"; sourceTree = "<group>"; };
		134EAA43170DC4FE00F4D166 /* BG-logo.png */ = {isa = PBXFileReference; lastKnownFileType = image.png; path = "BG-logo.png"; sourceTree = "<group>"; };
		134EAA44170DC4FE00F4D166 /* BG-twitter.png */ = {isa = PBXFileReference; lastKnownFileType = image.png; path = "BG-twitter.png"; sourceTree = "<group>"; };
		134EAA45170DC4FE00F4D166 /* BGCommonGraphics.h */ = {isa = PBXFileReference; fileEncoding = 4; lastKnownFileType = sourcecode.c.h; path = BGCommonGraphics.h; sourceTree = "<group>"; };
		134EAA46170DC4FE00F4D166 /* BGCommonGraphics.m */ = {isa = PBXFileReference; fileEncoding = 4; lastKnownFileType = sourcecode.c.objc; path = BGCommonGraphics.m; sourceTree = "<group>"; };
		134EAA47170DC4FE00F4D166 /* BGInfoNavigationControllerDelegate.h */ = {isa = PBXFileReference; fileEncoding = 4; lastKnownFileType = sourcecode.c.h; path = BGInfoNavigationControllerDelegate.h; sourceTree = "<group>"; };
		134EAA48170DC4FE00F4D166 /* BGInfoNavigationControllerDelegate.m */ = {isa = PBXFileReference; fileEncoding = 4; lastKnownFileType = sourcecode.c.objc; path = BGInfoNavigationControllerDelegate.m; sourceTree = "<group>"; };
		134EAA49170DC4FE00F4D166 /* BGInfoViewController.h */ = {isa = PBXFileReference; fileEncoding = 4; lastKnownFileType = sourcecode.c.h; path = BGInfoViewController.h; sourceTree = "<group>"; };
		134EAA4A170DC4FE00F4D166 /* BGInfoViewController.m */ = {isa = PBXFileReference; fileEncoding = 4; lastKnownFileType = sourcecode.c.objc; path = BGInfoViewController.m; sourceTree = "<group>"; };
		134EAA4B170DC4FE00F4D166 /* BGInfoViewController.xib */ = {isa = PBXFileReference; fileEncoding = 4; lastKnownFileType = file.xib; path = BGInfoViewController.xib; sourceTree = "<group>"; };
		135BBE88170C618900F3BE90 /* Icon-poison_57.png */ = {isa = PBXFileReference; lastKnownFileType = image.png; path = "Icon-poison_57.png"; sourceTree = "<group>"; };
		135BBE8A170C618B00F3BE90 /* Icon-poison_114.png */ = {isa = PBXFileReference; lastKnownFileType = image.png; path = "Icon-poison_114.png"; sourceTree = "<group>"; };
		1363FE53170C8B7A003624BE /* Icon-poison_57-beta.png */ = {isa = PBXFileReference; lastKnownFileType = image.png; path = "Icon-poison_57-beta.png"; sourceTree = "<group>"; };
		1363FE55170C8B7F003624BE /* Icon-poison_114-beta.png */ = {isa = PBXFileReference; lastKnownFileType = image.png; path = "Icon-poison_114-beta.png"; sourceTree = "<group>"; };
		13794DD816EBE0C6003EF093 /* LPPoisonDataSource.h */ = {isa = PBXFileReference; fileEncoding = 4; lastKnownFileType = sourcecode.c.h; path = LPPoisonDataSource.h; sourceTree = "<group>"; };
		13794DD916EBE0C6003EF093 /* LPPoisonDataSource.m */ = {isa = PBXFileReference; fileEncoding = 4; lastKnownFileType = sourcecode.c.objc; path = LPPoisonDataSource.m; sourceTree = "<group>"; };
		13794DDB16EBE223003EF093 /* LPPoisonTableViewController.h */ = {isa = PBXFileReference; fileEncoding = 4; lastKnownFileType = sourcecode.c.h; path = LPPoisonTableViewController.h; sourceTree = "<group>"; };
		13794DDC16EBE223003EF093 /* LPPoisonTableViewController.m */ = {isa = PBXFileReference; fileEncoding = 4; lastKnownFileType = sourcecode.c.objc; path = LPPoisonTableViewController.m; sourceTree = "<group>"; };
		1381B34316F4A4B400143FEA /* LPPoison.h */ = {isa = PBXFileReference; fileEncoding = 4; lastKnownFileType = sourcecode.c.h; path = LPPoison.h; sourceTree = "<group>"; };
		1381B34416F4A4B400143FEA /* LPPoison.m */ = {isa = PBXFileReference; fileEncoding = 4; lastKnownFileType = sourcecode.c.objc; path = LPPoison.m; sourceTree = "<group>"; };
		1381B36016F4E82800143FEA /* LPHtmlStringHelper.h */ = {isa = PBXFileReference; fileEncoding = 4; lastKnownFileType = sourcecode.c.h; path = LPHtmlStringHelper.h; sourceTree = "<group>"; };
		1381B36116F4E82800143FEA /* LPHtmlStringHelper.m */ = {isa = PBXFileReference; fileEncoding = 4; lastKnownFileType = sourcecode.c.objc; path = LPHtmlStringHelper.m; sourceTree = "<group>"; };
		1397DDA416ED09EE0061087F /* libz.dylib */ = {isa = PBXFileReference; lastKnownFileType = "compiled.mach-o.dylib"; name = libz.dylib; path = usr/lib/libz.dylib; sourceTree = SDKROOT; };
		1397DDA616ED0A060061087F /* libz.1.1.3.dylib */ = {isa = PBXFileReference; lastKnownFileType = "compiled.mach-o.dylib"; name = libz.1.1.3.dylib; path = usr/lib/libz.1.1.3.dylib; sourceTree = SDKROOT; };
		13A0B6711709E67F00B4970F /* topics.json */ = {isa = PBXFileReference; fileEncoding = 4; lastKnownFileType = text.json; path = topics.json; sourceTree = "<group>"; };
		13A0B6781709EB7200B4970F /* LPTopic.h */ = {isa = PBXFileReference; fileEncoding = 4; lastKnownFileType = sourcecode.c.h; path = LPTopic.h; sourceTree = "<group>"; };
		13A0B6791709EB7200B4970F /* LPTopic.m */ = {isa = PBXFileReference; fileEncoding = 4; lastKnownFileType = sourcecode.c.objc; path = LPTopic.m; sourceTree = "<group>"; };
		13A0B67E1709F7BD00B4970F /* LPJSONfromWP.h */ = {isa = PBXFileReference; fileEncoding = 4; lastKnownFileType = sourcecode.c.h; path = LPJSONfromWP.h; sourceTree = "<group>"; };
		13A0B67F1709F7BD00B4970F /* LPJSONfromWP.m */ = {isa = PBXFileReference; fileEncoding = 4; lastKnownFileType = sourcecode.c.objc; path = LPJSONfromWP.m; sourceTree = "<group>"; };
		13A0B6811709FBF100B4970F /* LPPoisonDataFromWP.h */ = {isa = PBXFileReference; fileEncoding = 4; lastKnownFileType = sourcecode.c.h; path = LPPoisonDataFromWP.h; sourceTree = "<group>"; };
		13A0B6821709FBF100B4970F /* LPPoisonDataFromWP.m */ = {isa = PBXFileReference; fileEncoding = 4; lastKnownFileType = sourcecode.c.objc; path = LPPoisonDataFromWP.m; sourceTree = "<group>"; };
		13A0B684170A08C900B4970F /* LPTopicDataFromWP.h */ = {isa = PBXFileReference; fileEncoding = 4; lastKnownFileType = sourcecode.c.h; path = LPTopicDataFromWP.h; sourceTree = "<group>"; };
		13A0B685170A08C900B4970F /* LPTopicDataFromWP.m */ = {isa = PBXFileReference; fileEncoding = 4; lastKnownFileType = sourcecode.c.objc; path = LPTopicDataFromWP.m; sourceTree = "<group>"; };
		13A0B687170A3ECE00B4970F /* LPTopicDataSource.h */ = {isa = PBXFileReference; fileEncoding = 4; lastKnownFileType = sourcecode.c.h; path = LPTopicDataSource.h; sourceTree = "<group>"; };
		13A0B688170A3ECE00B4970F /* LPTopicDataSource.m */ = {isa = PBXFileReference; fileEncoding = 4; lastKnownFileType = sourcecode.c.objc; path = LPTopicDataSource.m; sourceTree = "<group>"; };
		13D7F43F170455EB001D7F93 /* poisons.json */ = {isa = PBXFileReference; fileEncoding = 4; lastKnownFileType = text.json; path = poisons.json; sourceTree = "<group>"; };
		13EB1A1D16EBA9EE00170579 /* LPMainViewController.h */ = {isa = PBXFileReference; fileEncoding = 4; lastKnownFileType = sourcecode.c.h; path = LPMainViewController.h; sourceTree = "<group>"; };
		13EB1A1E16EBA9EE00170579 /* LPMainViewController.m */ = {isa = PBXFileReference; fileEncoding = 4; lastKnownFileType = sourcecode.c.objc; path = LPMainViewController.m; sourceTree = "<group>"; };
		13EC390516EB9FE8005244BD /* Lilly Poison.app */ = {isa = PBXFileReference; explicitFileType = wrapper.application; includeInIndex = 0; path = "Lilly Poison.app"; sourceTree = BUILT_PRODUCTS_DIR; };
		13EC390816EB9FE8005244BD /* UIKit.framework */ = {isa = PBXFileReference; lastKnownFileType = wrapper.framework; name = UIKit.framework; path = System/Library/Frameworks/UIKit.framework; sourceTree = SDKROOT; };
		13EC390A16EB9FE8005244BD /* Foundation.framework */ = {isa = PBXFileReference; lastKnownFileType = wrapper.framework; name = Foundation.framework; path = System/Library/Frameworks/Foundation.framework; sourceTree = SDKROOT; };
		13EC390C16EB9FE8005244BD /* CoreGraphics.framework */ = {isa = PBXFileReference; lastKnownFileType = wrapper.framework; name = CoreGraphics.framework; path = System/Library/Frameworks/CoreGraphics.framework; sourceTree = SDKROOT; };
		13EC390E16EB9FE8005244BD /* CoreData.framework */ = {isa = PBXFileReference; lastKnownFileType = wrapper.framework; name = CoreData.framework; path = System/Library/Frameworks/CoreData.framework; sourceTree = SDKROOT; };
		13EC391216EB9FE8005244BD /* Lilly Poison-Info.plist */ = {isa = PBXFileReference; lastKnownFileType = text.plist.xml; path = "Lilly Poison-Info.plist"; sourceTree = "<group>"; };
		13EC391616EB9FE8005244BD /* main.m */ = {isa = PBXFileReference; lastKnownFileType = sourcecode.c.objc; path = main.m; sourceTree = "<group>"; };
		13EC391816EB9FE8005244BD /* Lilly Poison-Prefix.pch */ = {isa = PBXFileReference; lastKnownFileType = sourcecode.c.h; path = "Lilly Poison-Prefix.pch"; sourceTree = "<group>"; };
		13EC391916EB9FE8005244BD /* LPAppDelegate.h */ = {isa = PBXFileReference; lastKnownFileType = sourcecode.c.h; path = LPAppDelegate.h; sourceTree = "<group>"; };
		13EC391A16EB9FE8005244BD /* LPAppDelegate.m */ = {isa = PBXFileReference; lastKnownFileType = sourcecode.c.objc; path = LPAppDelegate.m; sourceTree = "<group>"; };
		13EC391C16EB9FE8005244BD /* Default.png */ = {isa = PBXFileReference; lastKnownFileType = image.png; path = Default.png; sourceTree = "<group>"; };
		13EC391E16EB9FE8005244BD /* Default@2x.png */ = {isa = PBXFileReference; lastKnownFileType = image.png; path = "Default@2x.png"; sourceTree = "<group>"; };
		13EC392016EB9FE8005244BD /* Default-568h@2x.png */ = {isa = PBXFileReference; lastKnownFileType = image.png; path = "Default-568h@2x.png"; sourceTree = "<group>"; };
		13EC392A16EB9FE8005244BD /* Lilly PoisonTests.octest */ = {isa = PBXFileReference; explicitFileType = wrapper.cfbundle; includeInIndex = 0; path = "Lilly PoisonTests.octest"; sourceTree = BUILT_PRODUCTS_DIR; };
		13EC392B16EB9FE8005244BD /* SenTestingKit.framework */ = {isa = PBXFileReference; lastKnownFileType = wrapper.framework; name = SenTestingKit.framework; path = Library/Frameworks/SenTestingKit.framework; sourceTree = DEVELOPER_DIR; };
		13EC393416EB9FE8005244BD /* Lilly PoisonTests-Info.plist */ = {isa = PBXFileReference; lastKnownFileType = text.plist.xml; path = "Lilly PoisonTests-Info.plist"; sourceTree = "<group>"; };
		13EC393816EB9FE8005244BD /* Lilly_PoisenTests.h */ = {isa = PBXFileReference; lastKnownFileType = sourcecode.c.h; path = Lilly_PoisenTests.h; sourceTree = "<group>"; };
		13EC393916EB9FE8005244BD /* Lilly_PoisenTests.m */ = {isa = PBXFileReference; lastKnownFileType = sourcecode.c.objc; path = Lilly_PoisenTests.m; sourceTree = "<group>"; };
		13EC394316EBA0A8005244BD /* MainStoryboard.storyboard */ = {isa = PBXFileReference; fileEncoding = 4; lastKnownFileType = file.storyboard; path = MainStoryboard.storyboard; sourceTree = "<group>"; };
		9CD8C7B8B26B4371B8B30F79 /* Pods.xcconfig */ = {isa = PBXFileReference; includeInIndex = 1; lastKnownFileType = text.xcconfig; name = Pods.xcconfig; path = Pods/Pods.xcconfig; sourceTree = SOURCE_ROOT; };
		CFC2B241B0EB42DF9EDE0157 /* libPods.a */ = {isa = PBXFileReference; explicitFileType = archive.ar; includeInIndex = 0; path = libPods.a; sourceTree = BUILT_PRODUCTS_DIR; };
/* End PBXFileReference section */

/* Begin PBXFrameworksBuildPhase section */
		13EC390216EB9FE8005244BD /* Frameworks */ = {
			isa = PBXFrameworksBuildPhase;
			buildActionMask = 2147483647;
			files = (
				134EA9A2170DB7BE00F4D166 /* MessageUI.framework in Frameworks */,
				1397DDA716ED0A060061087F /* libz.1.1.3.dylib in Frameworks */,
				13EC390916EB9FE8005244BD /* UIKit.framework in Frameworks */,
				13EC390B16EB9FE8005244BD /* Foundation.framework in Frameworks */,
				13EC390D16EB9FE8005244BD /* CoreGraphics.framework in Frameworks */,
				13EC390F16EB9FE8005244BD /* CoreData.framework in Frameworks */,
				5341C5AB4CC94BEBAC81624D /* libPods.a in Frameworks */,
			);
			runOnlyForDeploymentPostprocessing = 0;
		};
		13EC392616EB9FE8005244BD /* Frameworks */ = {
			isa = PBXFrameworksBuildPhase;
			buildActionMask = 2147483647;
			files = (
				13EC392C16EB9FE8005244BD /* SenTestingKit.framework in Frameworks */,
				13EC392D16EB9FE8005244BD /* UIKit.framework in Frameworks */,
				13EC392E16EB9FE8005244BD /* Foundation.framework in Frameworks */,
				13EC392F16EB9FE8005244BD /* CoreData.framework in Frameworks */,
			);
			runOnlyForDeploymentPostprocessing = 0;
		};
/* End PBXFrameworksBuildPhase section */

/* Begin PBXGroup section */
		131341D316EE0C0200734F5E /* Model */ = {
			isa = PBXGroup;
			children = (
				1381B34316F4A4B400143FEA /* LPPoison.h */,
				1381B34416F4A4B400143FEA /* LPPoison.m */,
				13A0B6781709EB7200B4970F /* LPTopic.h */,
				13A0B6791709EB7200B4970F /* LPTopic.m */,
			);
			name = Model;
			sourceTree = "<group>";
		};
		132D26DC1700769E00967E5C /* Content */ = {
			isa = PBXGroup;
			children = (
				132D26E7170076AA00967E5C /* summary.html */,
				132D26DE170076AA00967E5C /* footer.html */,
				132D26DF170076AA00967E5C /* header.html */,
				132D26E0170076AA00967E5C /* main-info.plist */,
				132D26E2170076AA00967E5C /* style.css */,
				13D7F43F170455EB001D7F93 /* poisons.json */,
				13A0B6711709E67F00B4970F /* topics.json */,
			);
			name = Content;
			sourceTree = "<group>";
		};
		134EAA41170DC4FE00F4D166 /* bGraphicCommonStuff */ = {
			isa = PBXGroup;
			children = (
				134EAA42170DC4FE00F4D166 /* BG-background.png */,
				134EAA43170DC4FE00F4D166 /* BG-logo.png */,
				134EAA44170DC4FE00F4D166 /* BG-twitter.png */,
				134EAA45170DC4FE00F4D166 /* BGCommonGraphics.h */,
				134EAA46170DC4FE00F4D166 /* BGCommonGraphics.m */,
				134EAA47170DC4FE00F4D166 /* BGInfoNavigationControllerDelegate.h */,
				134EAA48170DC4FE00F4D166 /* BGInfoNavigationControllerDelegate.m */,
				134EAA49170DC4FE00F4D166 /* BGInfoViewController.h */,
				134EAA4A170DC4FE00F4D166 /* BGInfoViewController.m */,
				134EAA4B170DC4FE00F4D166 /* BGInfoViewController.xib */,
			);
			name = bGraphicCommonStuff;
			path = ../bGraphicCommonStuff/bGraphicCommonStuff;
			sourceTree = "<group>";
		};
		1381B33A16F1239D00143FEA /* Resources */ = {
			isa = PBXGroup;
			children = (
				1381B36016F4E82800143FEA /* LPHtmlStringHelper.h */,
				1381B36116F4E82800143FEA /* LPHtmlStringHelper.m */,
				1304F436170B1BFB007EE125 /* LPSearchBar.h */,
				1304F437170B1BFB007EE125 /* LPSearchBar.m */,
			);
			name = Resources;
			sourceTree = "<group>";
		};
		13A0B6731709E74500B4970F /* Data from WP */ = {
			isa = PBXGroup;
			children = (
				13A0B67E1709F7BD00B4970F /* LPJSONfromWP.h */,
				13A0B67F1709F7BD00B4970F /* LPJSONfromWP.m */,
				13A0B6811709FBF100B4970F /* LPPoisonDataFromWP.h */,
				13A0B6821709FBF100B4970F /* LPPoisonDataFromWP.m */,
				13A0B684170A08C900B4970F /* LPTopicDataFromWP.h */,
				13A0B685170A08C900B4970F /* LPTopicDataFromWP.m */,
			);
			name = "Data from WP";
			sourceTree = "<group>";
		};
		13EC38FC16EB9FE8005244BD = {
			isa = PBXGroup;
			children = (
				134EAA41170DC4FE00F4D166 /* bGraphicCommonStuff */,
				1363FE55170C8B7F003624BE /* Icon-poison_114-beta.png */,
				1363FE53170C8B7A003624BE /* Icon-poison_57-beta.png */,
				135BBE8A170C618B00F3BE90 /* Icon-poison_114.png */,
				135BBE88170C618900F3BE90 /* Icon-poison_57.png */,
				13EC391016EB9FE8005244BD /* Lilly Poison */,
				13EC393216EB9FE8005244BD /* Lilly PoisonTests */,
				13EC390716EB9FE8005244BD /* Frameworks */,
				13EC390616EB9FE8005244BD /* Products */,
				9CD8C7B8B26B4371B8B30F79 /* Pods.xcconfig */,
			);
			sourceTree = "<group>";
		};
		13EC390616EB9FE8005244BD /* Products */ = {
			isa = PBXGroup;
			children = (
				13EC390516EB9FE8005244BD /* Lilly Poison.app */,
				13EC392A16EB9FE8005244BD /* Lilly PoisonTests.octest */,
			);
			name = Products;
			sourceTree = "<group>";
		};
		13EC390716EB9FE8005244BD /* Frameworks */ = {
			isa = PBXGroup;
			children = (
				134EA9A1170DB7BE00F4D166 /* MessageUI.framework */,
				1397DDA616ED0A060061087F /* libz.1.1.3.dylib */,
				1397DDA416ED09EE0061087F /* libz.dylib */,
				13EC390816EB9FE8005244BD /* UIKit.framework */,
				13EC390A16EB9FE8005244BD /* Foundation.framework */,
				13EC390C16EB9FE8005244BD /* CoreGraphics.framework */,
				13EC390E16EB9FE8005244BD /* CoreData.framework */,
				13EC392B16EB9FE8005244BD /* SenTestingKit.framework */,
				CFC2B241B0EB42DF9EDE0157 /* libPods.a */,
			);
			name = Frameworks;
			sourceTree = "<group>";
		};
		13EC391016EB9FE8005244BD /* Lilly Poison */ = {
			isa = PBXGroup;
			children = (
				132D26DC1700769E00967E5C /* Content */,
				13A0B6731709E74500B4970F /* Data from WP */,
				13EC391916EB9FE8005244BD /* LPAppDelegate.h */,
				13EC391A16EB9FE8005244BD /* LPAppDelegate.m */,
				13EB1A1D16EBA9EE00170579 /* LPMainViewController.h */,
				13EB1A1E16EBA9EE00170579 /* LPMainViewController.m */,
				13794DD816EBE0C6003EF093 /* LPPoisonDataSource.h */,
				13794DD916EBE0C6003EF093 /* LPPoisonDataSource.m */,
				13794DDB16EBE223003EF093 /* LPPoisonTableViewController.h */,
				13794DDC16EBE223003EF093 /* LPPoisonTableViewController.m */,
				13EC394316EBA0A8005244BD /* MainStoryboard.storyboard */,
				131341D316EE0C0200734F5E /* Model */,
				1381B33A16F1239D00143FEA /* Resources */,
				13EC391116EB9FE8005244BD /* Supporting Files */,
				13A0B687170A3ECE00B4970F /* LPTopicDataSource.h */,
				13A0B688170A3ECE00B4970F /* LPTopicDataSource.m */,
				13252472170ABCC70025B78D /* LPPhoneBooth.h */,
				13252473170ABCC70025B78D /* LPPhoneBooth.m */,
			);
			name = "Lilly Poison";
			path = "Lilly Poisen";
			sourceTree = "<group>";
		};
		13EC391116EB9FE8005244BD /* Supporting Files */ = {
			isa = PBXGroup;
			children = (
				134EA9B3170DBF8700F4D166 /* InfoPage.plist */,
				13EC391216EB9FE8005244BD /* Lilly Poison-Info.plist */,
				13EC391616EB9FE8005244BD /* main.m */,
				13EC391816EB9FE8005244BD /* Lilly Poison-Prefix.pch */,
				13EC391C16EB9FE8005244BD /* Default.png */,
				13EC391E16EB9FE8005244BD /* Default@2x.png */,
				13EC392016EB9FE8005244BD /* Default-568h@2x.png */,
				134EA9AD170DBB6000F4D166 /* Localizable.strings */,
			);
			name = "Supporting Files";
			sourceTree = "<group>";
		};
		13EC393216EB9FE8005244BD /* Lilly PoisonTests */ = {
			isa = PBXGroup;
			children = (
				13EC393816EB9FE8005244BD /* Lilly_PoisenTests.h */,
				13EC393916EB9FE8005244BD /* Lilly_PoisenTests.m */,
				13EC393316EB9FE8005244BD /* Supporting Files */,
			);
			name = "Lilly PoisonTests";
			path = "Lilly PoisenTests";
			sourceTree = "<group>";
		};
		13EC393316EB9FE8005244BD /* Supporting Files */ = {
			isa = PBXGroup;
			children = (
				13EC393416EB9FE8005244BD /* Lilly PoisonTests-Info.plist */,
			);
			name = "Supporting Files";
			sourceTree = "<group>";
		};
/* End PBXGroup section */

/* Begin PBXNativeTarget section */
		13EC390416EB9FE8005244BD /* Lilly Poison Beta */ = {
			isa = PBXNativeTarget;
			buildConfigurationList = 13EC393D16EB9FE8005244BD /* Build configuration list for PBXNativeTarget "Lilly Poison Beta" */;
			buildPhases = (
				13EC390116EB9FE8005244BD /* Sources */,
				13EC390216EB9FE8005244BD /* Frameworks */,
				13EC390316EB9FE8005244BD /* Resources */,
				FFB1BA935DC74273B9DBC0DB /* Copy Pods Resources */,
			);
			buildRules = (
			);
			dependencies = (
			);
			name = "Lilly Poison Beta";
			productName = "Lilly Poisen";
			productReference = 13EC390516EB9FE8005244BD /* Lilly Poison.app */;
			productType = "com.apple.product-type.application";
		};
		13EC392916EB9FE8005244BD /* Lilly PoisonTests */ = {
			isa = PBXNativeTarget;
			buildConfigurationList = 13EC394016EB9FE8005244BD /* Build configuration list for PBXNativeTarget "Lilly PoisonTests" */;
			buildPhases = (
				13EC392516EB9FE8005244BD /* Sources */,
				13EC392616EB9FE8005244BD /* Frameworks */,
				13EC392716EB9FE8005244BD /* Resources */,
				13EC392816EB9FE8005244BD /* ShellScript */,
			);
			buildRules = (
			);
			dependencies = (
				13EC393116EB9FE8005244BD /* PBXTargetDependency */,
			);
			name = "Lilly PoisonTests";
			productName = "Lilly PoisenTests";
			productReference = 13EC392A16EB9FE8005244BD /* Lilly PoisonTests.octest */;
			productType = "com.apple.product-type.bundle";
		};
/* End PBXNativeTarget section */

/* Begin PBXProject section */
		13EC38FD16EB9FE8005244BD /* Project object */ = {
			isa = PBXProject;
			attributes = {
				CLASSPREFIX = LP;
				LastUpgradeCheck = 0460;
				ORGANIZATIONNAME = bGraphic;
			};
			buildConfigurationList = 13EC390016EB9FE8005244BD /* Build configuration list for PBXProject "Lilly Poison" */;
			compatibilityVersion = "Xcode 3.2";
			developmentRegion = English;
			hasScannedForEncodings = 0;
			knownRegions = (
				en,
				nb,
			);
			mainGroup = 13EC38FC16EB9FE8005244BD;
			productRefGroup = 13EC390616EB9FE8005244BD /* Products */;
			projectDirPath = "";
			projectRoot = "";
			targets = (
				13EC390416EB9FE8005244BD /* Lilly Poison Beta */,
				13EC392916EB9FE8005244BD /* Lilly PoisonTests */,
			);
		};
/* End PBXProject section */

/* Begin PBXResourcesBuildPhase section */
		13EC390316EB9FE8005244BD /* Resources */ = {
			isa = PBXResourcesBuildPhase;
			buildActionMask = 2147483647;
			files = (
				13EC391D16EB9FE8005244BD /* Default.png in Resources */,
				13EC391F16EB9FE8005244BD /* Default@2x.png in Resources */,
				13EC392116EB9FE8005244BD /* Default-568h@2x.png in Resources */,
				13EC394416EBA0A8005244BD /* MainStoryboard.storyboard in Resources */,
				132D2724170076AA00967E5C /* footer.html in Resources */,
				132D2725170076AA00967E5C /* header.html in Resources */,
				132D2726170076AA00967E5C /* main-info.plist in Resources */,
				132D2728170076AA00967E5C /* style.css in Resources */,
				132D272C170076AA00967E5C /* summary.html in Resources */,
				13D7F440170455EB001D7F93 /* poisons.json in Resources */,
				13A0B6721709E67F00B4970F /* topics.json in Resources */,
				135BBE89170C618900F3BE90 /* Icon-poison_57.png in Resources */,
				135BBE8B170C618B00F3BE90 /* Icon-poison_114.png in Resources */,
				1363FE54170C8B7A003624BE /* Icon-poison_57-beta.png in Resources */,
				1363FE56170C8B7F003624BE /* Icon-poison_114-beta.png in Resources */,
				134EA9AB170DBB6000F4D166 /* Localizable.strings in Resources */,
				134EA9B4170DBF8700F4D166 /* InfoPage.plist in Resources */,
				134EAA4C170DC4FE00F4D166 /* BG-background.png in Resources */,
				134EAA4D170DC4FE00F4D166 /* BG-logo.png in Resources */,
				134EAA4E170DC4FE00F4D166 /* BG-twitter.png in Resources */,
				134EAA52170DC4FE00F4D166 /* BGInfoViewController.xib in Resources */,
			);
			runOnlyForDeploymentPostprocessing = 0;
		};
		13EC392716EB9FE8005244BD /* Resources */ = {
			isa = PBXResourcesBuildPhase;
			buildActionMask = 2147483647;
			files = (
				13EC394516EBA0A8005244BD /* MainStoryboard.storyboard in Resources */,
			);
			runOnlyForDeploymentPostprocessing = 0;
		};
/* End PBXResourcesBuildPhase section */

/* Begin PBXShellScriptBuildPhase section */
		13EC392816EB9FE8005244BD /* ShellScript */ = {
			isa = PBXShellScriptBuildPhase;
			buildActionMask = 2147483647;
			files = (
			);
			inputPaths = (
			);
			outputPaths = (
			);
			runOnlyForDeploymentPostprocessing = 0;
			shellPath = /bin/sh;
			shellScript = "# Run the unit tests in this test bundle.\n\"${SYSTEM_DEVELOPER_DIR}/Tools/RunUnitTests\"\n";
		};
		FFB1BA935DC74273B9DBC0DB /* Copy Pods Resources */ = {
			isa = PBXShellScriptBuildPhase;
			buildActionMask = 2147483647;
			files = (
			);
			inputPaths = (
			);
			name = "Copy Pods Resources";
			outputPaths = (
			);
			runOnlyForDeploymentPostprocessing = 0;
			shellPath = /bin/sh;
			shellScript = "\"${SRCROOT}/Pods/Pods-resources.sh\"\n";
		};
/* End PBXShellScriptBuildPhase section */

/* Begin PBXSourcesBuildPhase section */
		13EC390116EB9FE8005244BD /* Sources */ = {
			isa = PBXSourcesBuildPhase;
			buildActionMask = 2147483647;
			files = (
				13EC391716EB9FE8005244BD /* main.m in Sources */,
				13EC391B16EB9FE8005244BD /* LPAppDelegate.m in Sources */,
				13EB1A1F16EBA9EE00170579 /* LPMainViewController.m in Sources */,
				13794DDA16EBE0C6003EF093 /* LPPoisonDataSource.m in Sources */,
				13794DDD16EBE223003EF093 /* LPPoisonTableViewController.m in Sources */,
				1381B34516F4A4B400143FEA /* LPPoison.m in Sources */,
				1381B36216F4E82800143FEA /* LPHtmlStringHelper.m in Sources */,
				13A0B67A1709EB7200B4970F /* LPTopic.m in Sources */,
				13A0B6801709F7BD00B4970F /* LPJSONfromWP.m in Sources */,
				13A0B6831709FBF100B4970F /* LPPoisonDataFromWP.m in Sources */,
				13A0B686170A08C900B4970F /* LPTopicDataFromWP.m in Sources */,
				13A0B689170A3ECF00B4970F /* LPTopicDataSource.m in Sources */,
				13252474170ABCC70025B78D /* LPPhoneBooth.m in Sources */,
				1304F438170B1BFB007EE125 /* LPSearchBar.m in Sources */,
				134EAA4F170DC4FE00F4D166 /* BGCommonGraphics.m in Sources */,
				134EAA50170DC4FE00F4D166 /* BGInfoNavigationControllerDelegate.m in Sources */,
				134EAA51170DC4FE00F4D166 /* BGInfoViewController.m in Sources */,
			);
			runOnlyForDeploymentPostprocessing = 0;
		};
		13EC392516EB9FE8005244BD /* Sources */ = {
			isa = PBXSourcesBuildPhase;
			buildActionMask = 2147483647;
			files = (
				13EC393A16EB9FE8005244BD /* Lilly_PoisenTests.m in Sources */,
			);
			runOnlyForDeploymentPostprocessing = 0;
		};
/* End PBXSourcesBuildPhase section */

/* Begin PBXTargetDependency section */
		13EC393116EB9FE8005244BD /* PBXTargetDependency */ = {
			isa = PBXTargetDependency;
			target = 13EC390416EB9FE8005244BD /* Lilly Poison Beta */;
			targetProxy = 13EC393016EB9FE8005244BD /* PBXContainerItemProxy */;
		};
/* End PBXTargetDependency section */

/* Begin PBXVariantGroup section */
		134EA9AD170DBB6000F4D166 /* Localizable.strings */ = {
			isa = PBXVariantGroup;
			children = (
				134EA9AE170DBB6A00F4D166 /* nb */,
			);
			name = Localizable.strings;
			sourceTree = "<group>";
		};
/* End PBXVariantGroup section */

/* Begin XCBuildConfiguration section */
		1397DDA816ED0A270061087F /* AdHoc */ = {
			isa = XCBuildConfiguration;
			buildSettings = {
				ALWAYS_SEARCH_USER_PATHS = NO;
				CLANG_CXX_LANGUAGE_STANDARD = "gnu++0x";
				CLANG_CXX_LIBRARY = "libc++";
				CLANG_ENABLE_OBJC_ARC = YES;
				CLANG_WARN_CONSTANT_CONVERSION = YES;
				CLANG_WARN_EMPTY_BODY = YES;
				CLANG_WARN_ENUM_CONVERSION = YES;
				CLANG_WARN_INT_CONVERSION = YES;
				CLANG_WARN__DUPLICATE_METHOD_MATCH = YES;
				"CODE_SIGN_IDENTITY[sdk=iphoneos*]" = "iPhone Distribution: Benedicte Raae";
				COPY_PHASE_STRIP = YES;
				GCC_C_LANGUAGE_STANDARD = gnu99;
				GCC_PREPROCESSOR_DEFINITIONS = "ADHOC=1";
				GCC_WARN_ABOUT_RETURN_TYPE = YES;
				GCC_WARN_UNINITIALIZED_AUTOS = YES;
				GCC_WARN_UNUSED_VARIABLE = YES;
				IPHONEOS_DEPLOYMENT_TARGET = 6.1;
				OTHER_CFLAGS = "-DNS_BLOCK_ASSERTIONS=1";
				"PROVISIONING_PROFILE[sdk=iphoneos*]" = "9DCE4166-5D44-4FFB-B4BB-1D7A671AAA9C";
				SDKROOT = iphoneos;
				VALIDATE_PRODUCT = YES;
			};
			name = AdHoc;
		};
		1397DDA916ED0A270061087F /* AdHoc */ = {
			isa = XCBuildConfiguration;
			baseConfigurationReference = 9CD8C7B8B26B4371B8B30F79 /* Pods.xcconfig */;
			buildSettings = {
				GCC_PRECOMPILE_PREFIX_HEADER = YES;
				GCC_PREFIX_HEADER = "Lilly Poisen/Lilly Poison-Prefix.pch";
				INFOPLIST_FILE = "Lilly Poisen/Lilly Poison-Info.plist";
				IPHONEOS_DEPLOYMENT_TARGET = 5.0;
				LIBRARY_SEARCH_PATHS = "$(inherited)";
				PRODUCT_NAME = "Lilly Poison";
				TARGETED_DEVICE_FAMILY = 1;
				WRAPPER_EXTENSION = app;
			};
			name = AdHoc;
		};
		1397DDAA16ED0A270061087F /* AdHoc */ = {
			isa = XCBuildConfiguration;
			buildSettings = {
				BUNDLE_LOADER = "$(BUILT_PRODUCTS_DIR)/Lilly Poisen.app/Lilly Poisen";
				FRAMEWORK_SEARCH_PATHS = (
					"\"$(SDKROOT)/Developer/Library/Frameworks\"",
					"\"$(DEVELOPER_LIBRARY_DIR)/Frameworks\"",
				);
				GCC_PRECOMPILE_PREFIX_HEADER = YES;
				GCC_PREFIX_HEADER = "Lilly Poisen/Lilly Poisen-Prefix.pch";
				INFOPLIST_FILE = "Lilly PoisenTests/Lilly PoisonTests-Info.plist";
				PRODUCT_NAME = "Lilly PoisonTests";
				TEST_HOST = "$(BUNDLE_LOADER)";
				WRAPPER_EXTENSION = octest;
			};
			name = AdHoc;
		};
		13EC393B16EB9FE8005244BD /* Debug */ = {
			isa = XCBuildConfiguration;
			buildSettings = {
				ALWAYS_SEARCH_USER_PATHS = NO;
				CLANG_CXX_LANGUAGE_STANDARD = "gnu++0x";
				CLANG_CXX_LIBRARY = "libc++";
				CLANG_ENABLE_OBJC_ARC = YES;
				CLANG_WARN_CONSTANT_CONVERSION = YES;
				CLANG_WARN_EMPTY_BODY = YES;
				CLANG_WARN_ENUM_CONVERSION = YES;
				CLANG_WARN_INT_CONVERSION = YES;
				CLANG_WARN__DUPLICATE_METHOD_MATCH = YES;
				"CODE_SIGN_IDENTITY[sdk=iphoneos*]" = "iPhone Developer";
				COPY_PHASE_STRIP = NO;
				GCC_C_LANGUAGE_STANDARD = gnu99;
				GCC_DYNAMIC_NO_PIC = NO;
				GCC_OPTIMIZATION_LEVEL = 0;
				GCC_PREPROCESSOR_DEFINITIONS = (
					"DEBUG=1",
					"$(inherited)",
				);
				GCC_SYMBOLS_PRIVATE_EXTERN = NO;
				GCC_WARN_ABOUT_RETURN_TYPE = YES;
				GCC_WARN_UNINITIALIZED_AUTOS = YES;
				GCC_WARN_UNUSED_VARIABLE = YES;
				IPHONEOS_DEPLOYMENT_TARGET = 6.1;
				ONLY_ACTIVE_ARCH = YES;
				SDKROOT = iphoneos;
			};
			name = Debug;
		};
		13EC393C16EB9FE8005244BD /* Release */ = {
			isa = XCBuildConfiguration;
			buildSettings = {
				ALWAYS_SEARCH_USER_PATHS = NO;
				CLANG_CXX_LANGUAGE_STANDARD = "gnu++0x";
				CLANG_CXX_LIBRARY = "libc++";
				CLANG_ENABLE_OBJC_ARC = YES;
				CLANG_WARN_CONSTANT_CONVERSION = YES;
				CLANG_WARN_EMPTY_BODY = YES;
				CLANG_WARN_ENUM_CONVERSION = YES;
				CLANG_WARN_INT_CONVERSION = YES;
				CLANG_WARN__DUPLICATE_METHOD_MATCH = YES;
				"CODE_SIGN_IDENTITY[sdk=iphoneos*]" = "iPhone Developer";
				COPY_PHASE_STRIP = YES;
				GCC_C_LANGUAGE_STANDARD = gnu99;
				GCC_WARN_ABOUT_RETURN_TYPE = YES;
				GCC_WARN_UNINITIALIZED_AUTOS = YES;
				GCC_WARN_UNUSED_VARIABLE = YES;
				IPHONEOS_DEPLOYMENT_TARGET = 6.1;
				OTHER_CFLAGS = "-DNS_BLOCK_ASSERTIONS=1";
				SDKROOT = iphoneos;
				VALIDATE_PRODUCT = YES;
			};
			name = Release;
		};
		13EC393E16EB9FE8005244BD /* Debug */ = {
			isa = XCBuildConfiguration;
			baseConfigurationReference = 9CD8C7B8B26B4371B8B30F79 /* Pods.xcconfig */;
			buildSettings = {
				GCC_PRECOMPILE_PREFIX_HEADER = YES;
				GCC_PREFIX_HEADER = "Lilly Poisen/Lilly Poison-Prefix.pch";
				INFOPLIST_FILE = "Lilly Poisen/Lilly Poison-Info.plist";
				IPHONEOS_DEPLOYMENT_TARGET = 5.0;
				LIBRARY_SEARCH_PATHS = "$(inherited)";
				PRODUCT_NAME = "Lilly Poison";
				TARGETED_DEVICE_FAMILY = 1;
				WRAPPER_EXTENSION = app;
			};
			name = Debug;
		};
		13EC393F16EB9FE8005244BD /* Release */ = {
			isa = XCBuildConfiguration;
			baseConfigurationReference = 9CD8C7B8B26B4371B8B30F79 /* Pods.xcconfig */;
			buildSettings = {
				GCC_PRECOMPILE_PREFIX_HEADER = YES;
				GCC_PREFIX_HEADER = "Lilly Poisen/Lilly Poison-Prefix.pch";
				INFOPLIST_FILE = "Lilly Poisen/Lilly Poison-Info.plist";
				IPHONEOS_DEPLOYMENT_TARGET = 5.0;
				LIBRARY_SEARCH_PATHS = "$(inherited)";
				PRODUCT_NAME = "Lilly Poison";
				TARGETED_DEVICE_FAMILY = 1;
				WRAPPER_EXTENSION = app;
			};
			name = Release;
		};
		13EC394116EB9FE8005244BD /* Debug */ = {
			isa = XCBuildConfiguration;
			buildSettings = {
				BUNDLE_LOADER = "$(BUILT_PRODUCTS_DIR)/Lilly Poisen.app/Lilly Poisen";
				FRAMEWORK_SEARCH_PATHS = (
					"\"$(SDKROOT)/Developer/Library/Frameworks\"",
					"\"$(DEVELOPER_LIBRARY_DIR)/Frameworks\"",
				);
				GCC_PRECOMPILE_PREFIX_HEADER = YES;
				GCC_PREFIX_HEADER = "Lilly Poisen/Lilly Poisen-Prefix.pch";
				INFOPLIST_FILE = "Lilly PoisenTests/Lilly PoisonTests-Info.plist";
				PRODUCT_NAME = "Lilly PoisonTests";
				TEST_HOST = "$(BUNDLE_LOADER)";
				WRAPPER_EXTENSION = octest;
			};
			name = Debug;
		};
		13EC394216EB9FE8005244BD /* Release */ = {
			isa = XCBuildConfiguration;
			buildSettings = {
				BUNDLE_LOADER = "$(BUILT_PRODUCTS_DIR)/Lilly Poisen.app/Lilly Poisen";
				FRAMEWORK_SEARCH_PATHS = (
					"\"$(SDKROOT)/Developer/Library/Frameworks\"",
					"\"$(DEVELOPER_LIBRARY_DIR)/Frameworks\"",
				);
				GCC_PRECOMPILE_PREFIX_HEADER = YES;
				GCC_PREFIX_HEADER = "Lilly Poisen/Lilly Poisen-Prefix.pch";
				INFOPLIST_FILE = "Lilly PoisenTests/Lilly PoisonTests-Info.plist";
				PRODUCT_NAME = "Lilly PoisonTests";
				TEST_HOST = "$(BUNDLE_LOADER)";
				WRAPPER_EXTENSION = octest;
			};
			name = Release;
		};
/* End XCBuildConfiguration section */

/* Begin XCConfigurationList section */
		13EC390016EB9FE8005244BD /* Build configuration list for PBXProject "Lilly Poison" */ = {
			isa = XCConfigurationList;
			buildConfigurations = (
				13EC393B16EB9FE8005244BD /* Debug */,
				13EC393C16EB9FE8005244BD /* Release */,
				1397DDA816ED0A270061087F /* AdHoc */,
			);
			defaultConfigurationIsVisible = 0;
			defaultConfigurationName = Release;
		};
		13EC393D16EB9FE8005244BD /* Build configuration list for PBXNativeTarget "Lilly Poison Beta" */ = {
			isa = XCConfigurationList;
			buildConfigurations = (
				13EC393E16EB9FE8005244BD /* Debug */,
				13EC393F16EB9FE8005244BD /* Release */,
				1397DDA916ED0A270061087F /* AdHoc */,
			);
			defaultConfigurationIsVisible = 0;
			defaultConfigurationName = Release;
		};
		13EC394016EB9FE8005244BD /* Build configuration list for PBXNativeTarget "Lilly PoisonTests" */ = {
			isa = XCConfigurationList;
			buildConfigurations = (
				13EC394116EB9FE8005244BD /* Debug */,
				13EC394216EB9FE8005244BD /* Release */,
				1397DDAA16ED0A270061087F /* AdHoc */,
			);
			defaultConfigurationIsVisible = 0;
			defaultConfigurationName = Release;
		};
/* End XCConfigurationList section */
	};
	rootObject = 13EC38FD16EB9FE8005244BD /* Project object */;
}
