// !$*UTF8*$!
{
	archiveVersion = 1;
	classes = {
	};
	objectVersion = 46;
	objects = {

/* Begin PBXBuildFile section */
		131341C616EDF08900734F5E /* Term.m in Sources */ = {isa = PBXBuildFile; fileRef = 131341C516EDF08900734F5E /* Term.m */; };
		13794DDA16EBE0C6003EF093 /* LPDataSource.m in Sources */ = {isa = PBXBuildFile; fileRef = 13794DD916EBE0C6003EF093 /* LPDataSource.m */; };
		13794DDD16EBE223003EF093 /* LPTableViewController.m in Sources */ = {isa = PBXBuildFile; fileRef = 13794DDC16EBE223003EF093 /* LPTableViewController.m */; };
		13794DE516EC000A003EF093 /* LPEntryViewCell.m in Sources */ = {isa = PBXBuildFile; fileRef = 13794DE416EC000A003EF093 /* LPEntryViewCell.m */; };
		1381B33C16F123A700143FEA /* color.png in Resources */ = {isa = PBXBuildFile; fileRef = 1381B33B16F123A700143FEA /* color.png */; };
		1381B34516F4A4B400143FEA /* Poison.m in Sources */ = {isa = PBXBuildFile; fileRef = 1381B34416F4A4B400143FEA /* Poison.m */; };
		1381B34F16F4B60E00143FEA /* eye_contact.html in Resources */ = {isa = PBXBuildFile; fileRef = 1381B34716F4B60E00143FEA /* eye_contact.html */; };
		1381B35016F4B60E00143FEA /* footer.html in Resources */ = {isa = PBXBuildFile; fileRef = 1381B34816F4B60E00143FEA /* footer.html */; };
		1381B35116F4B60E00143FEA /* header.html in Resources */ = {isa = PBXBuildFile; fileRef = 1381B34916F4B60E00143FEA /* header.html */; };
		1381B35216F4B60E00143FEA /* inhaled.html in Resources */ = {isa = PBXBuildFile; fileRef = 1381B34A16F4B60E00143FEA /* inhaled.html */; };
		1381B35316F4B60E00143FEA /* skin_contact.html in Resources */ = {isa = PBXBuildFile; fileRef = 1381B34B16F4B60E00143FEA /* skin_contact.html */; };
		1381B35416F4B60E00143FEA /* style.css in Resources */ = {isa = PBXBuildFile; fileRef = 1381B34C16F4B60E00143FEA /* style.css */; };
		1381B35516F4B60E00143FEA /* swollowed.html in Resources */ = {isa = PBXBuildFile; fileRef = 1381B34D16F4B60E00143FEA /* swollowed.html */; };
		1381B35616F4B60E00143FEA /* test-1.html in Resources */ = {isa = PBXBuildFile; fileRef = 1381B34E16F4B60E00143FEA /* test-1.html */; };
		1397DDA116ED099C0061087F /* libTestFlight.a in Frameworks */ = {isa = PBXBuildFile; fileRef = 1397DD9D16ED099C0061087F /* libTestFlight.a */; };
		1397DDA216ED099C0061087F /* README.md in Resources */ = {isa = PBXBuildFile; fileRef = 1397DD9E16ED099C0061087F /* README.md */; };
		1397DDA316ED099C0061087F /* release_notes.md in Resources */ = {isa = PBXBuildFile; fileRef = 1397DD9F16ED099C0061087F /* release_notes.md */; };
		1397DDA716ED0A060061087F /* libz.1.1.3.dylib in Frameworks */ = {isa = PBXBuildFile; fileRef = 1397DDA616ED0A060061087F /* libz.1.1.3.dylib */; };
		13EB1A1F16EBA9EE00170579 /* LPMainViewController.m in Sources */ = {isa = PBXBuildFile; fileRef = 13EB1A1E16EBA9EE00170579 /* LPMainViewController.m */; };
		13EB1A2216EBAB3A00170579 /* LPInfoViewController.m in Sources */ = {isa = PBXBuildFile; fileRef = 13EB1A2116EBAB3A00170579 /* LPInfoViewController.m */; };
		13EC390916EB9FE8005244BD /* UIKit.framework in Frameworks */ = {isa = PBXBuildFile; fileRef = 13EC390816EB9FE8005244BD /* UIKit.framework */; };
		13EC390B16EB9FE8005244BD /* Foundation.framework in Frameworks */ = {isa = PBXBuildFile; fileRef = 13EC390A16EB9FE8005244BD /* Foundation.framework */; };
		13EC390D16EB9FE8005244BD /* CoreGraphics.framework in Frameworks */ = {isa = PBXBuildFile; fileRef = 13EC390C16EB9FE8005244BD /* CoreGraphics.framework */; };
		13EC390F16EB9FE8005244BD /* CoreData.framework in Frameworks */ = {isa = PBXBuildFile; fileRef = 13EC390E16EB9FE8005244BD /* CoreData.framework */; };
		13EC391516EB9FE8005244BD /* InfoPlist.strings in Resources */ = {isa = PBXBuildFile; fileRef = 13EC391316EB9FE8005244BD /* InfoPlist.strings */; };
		13EC391716EB9FE8005244BD /* main.m in Sources */ = {isa = PBXBuildFile; fileRef = 13EC391616EB9FE8005244BD /* main.m */; };
		13EC391B16EB9FE8005244BD /* LPAppDelegate.m in Sources */ = {isa = PBXBuildFile; fileRef = 13EC391A16EB9FE8005244BD /* LPAppDelegate.m */; };
		13EC391D16EB9FE8005244BD /* Default.png in Resources */ = {isa = PBXBuildFile; fileRef = 13EC391C16EB9FE8005244BD /* Default.png */; };
		13EC391F16EB9FE8005244BD /* Default@2x.png in Resources */ = {isa = PBXBuildFile; fileRef = 13EC391E16EB9FE8005244BD /* Default@2x.png */; };
		13EC392116EB9FE8005244BD /* Default-568h@2x.png in Resources */ = {isa = PBXBuildFile; fileRef = 13EC392016EB9FE8005244BD /* Default-568h@2x.png */; };
		13EC392416EB9FE8005244BD /* Lilly_Poisen.xcdatamodeld in Sources */ = {isa = PBXBuildFile; fileRef = 13EC392216EB9FE8005244BD /* Lilly_Poisen.xcdatamodeld */; };
		13EC392C16EB9FE8005244BD /* SenTestingKit.framework in Frameworks */ = {isa = PBXBuildFile; fileRef = 13EC392B16EB9FE8005244BD /* SenTestingKit.framework */; };
		13EC392D16EB9FE8005244BD /* UIKit.framework in Frameworks */ = {isa = PBXBuildFile; fileRef = 13EC390816EB9FE8005244BD /* UIKit.framework */; };
		13EC392E16EB9FE8005244BD /* Foundation.framework in Frameworks */ = {isa = PBXBuildFile; fileRef = 13EC390A16EB9FE8005244BD /* Foundation.framework */; };
		13EC392F16EB9FE8005244BD /* CoreData.framework in Frameworks */ = {isa = PBXBuildFile; fileRef = 13EC390E16EB9FE8005244BD /* CoreData.framework */; };
		13EC393716EB9FE8005244BD /* InfoPlist.strings in Resources */ = {isa = PBXBuildFile; fileRef = 13EC393516EB9FE8005244BD /* InfoPlist.strings */; };
		13EC393A16EB9FE8005244BD /* Lilly_PoisenTests.m in Sources */ = {isa = PBXBuildFile; fileRef = 13EC393916EB9FE8005244BD /* Lilly_PoisenTests.m */; };
		13EC394416EBA0A8005244BD /* MainStoryboard.storyboard in Resources */ = {isa = PBXBuildFile; fileRef = 13EC394316EBA0A8005244BD /* MainStoryboard.storyboard */; };
		13EC394516EBA0A8005244BD /* MainStoryboard.storyboard in Resources */ = {isa = PBXBuildFile; fileRef = 13EC394316EBA0A8005244BD /* MainStoryboard.storyboard */; };
/* End PBXBuildFile section */

/* Begin PBXContainerItemProxy section */
		13EC393016EB9FE8005244BD /* PBXContainerItemProxy */ = {
			isa = PBXContainerItemProxy;
			containerPortal = 13EC38FD16EB9FE8005244BD /* Project object */;
			proxyType = 1;
			remoteGlobalIDString = 13EC390416EB9FE8005244BD;
			remoteInfo = "Lilly Poisen";
		};
/* End PBXContainerItemProxy section */

/* Begin PBXFileReference section */
		131341C416EDF08900734F5E /* Term.h */ = {isa = PBXFileReference; fileEncoding = 4; lastKnownFileType = sourcecode.c.h; path = Term.h; sourceTree = "<group>"; };
		131341C516EDF08900734F5E /* Term.m */ = {isa = PBXFileReference; fileEncoding = 4; lastKnownFileType = sourcecode.c.objc; path = Term.m; sourceTree = "<group>"; };
		13794DD816EBE0C6003EF093 /* LPDataSource.h */ = {isa = PBXFileReference; fileEncoding = 4; lastKnownFileType = sourcecode.c.h; path = LPDataSource.h; sourceTree = "<group>"; };
		13794DD916EBE0C6003EF093 /* LPDataSource.m */ = {isa = PBXFileReference; fileEncoding = 4; lastKnownFileType = sourcecode.c.objc; path = LPDataSource.m; sourceTree = "<group>"; };
		13794DDB16EBE223003EF093 /* LPTableViewController.h */ = {isa = PBXFileReference; fileEncoding = 4; lastKnownFileType = sourcecode.c.h; path = LPTableViewController.h; sourceTree = "<group>"; };
		13794DDC16EBE223003EF093 /* LPTableViewController.m */ = {isa = PBXFileReference; fileEncoding = 4; lastKnownFileType = sourcecode.c.objc; path = LPTableViewController.m; sourceTree = "<group>"; };
		13794DE316EC000A003EF093 /* LPEntryViewCell.h */ = {isa = PBXFileReference; fileEncoding = 4; lastKnownFileType = sourcecode.c.h; path = LPEntryViewCell.h; sourceTree = "<group>"; };
		13794DE416EC000A003EF093 /* LPEntryViewCell.m */ = {isa = PBXFileReference; fileEncoding = 4; lastKnownFileType = sourcecode.c.objc; path = LPEntryViewCell.m; sourceTree = "<group>"; };
		1381B33B16F123A700143FEA /* color.png */ = {isa = PBXFileReference; lastKnownFileType = image.png; path = color.png; sourceTree = "<group>"; };
		1381B34316F4A4B400143FEA /* Poison.h */ = {isa = PBXFileReference; fileEncoding = 4; lastKnownFileType = sourcecode.c.h; path = Poison.h; sourceTree = "<group>"; };
		1381B34416F4A4B400143FEA /* Poison.m */ = {isa = PBXFileReference; fileEncoding = 4; lastKnownFileType = sourcecode.c.objc; path = Poison.m; sourceTree = "<group>"; };
		1381B34716F4B60E00143FEA /* eye_contact.html */ = {isa = PBXFileReference; fileEncoding = 4; lastKnownFileType = text.html; path = eye_contact.html; sourceTree = "<group>"; };
		1381B34816F4B60E00143FEA /* footer.html */ = {isa = PBXFileReference; fileEncoding = 4; lastKnownFileType = text.html; path = footer.html; sourceTree = "<group>"; };
		1381B34916F4B60E00143FEA /* header.html */ = {isa = PBXFileReference; fileEncoding = 4; lastKnownFileType = text.html; path = header.html; sourceTree = "<group>"; };
		1381B34A16F4B60E00143FEA /* inhaled.html */ = {isa = PBXFileReference; fileEncoding = 4; lastKnownFileType = text.html; path = inhaled.html; sourceTree = "<group>"; };
		1381B34B16F4B60E00143FEA /* skin_contact.html */ = {isa = PBXFileReference; fileEncoding = 4; lastKnownFileType = text.html; path = skin_contact.html; sourceTree = "<group>"; };
		1381B34C16F4B60E00143FEA /* style.css */ = {isa = PBXFileReference; fileEncoding = 4; lastKnownFileType = text.css; path = style.css; sourceTree = "<group>"; };
		1381B34D16F4B60E00143FEA /* swollowed.html */ = {isa = PBXFileReference; fileEncoding = 4; lastKnownFileType = text.html; path = swollowed.html; sourceTree = "<group>"; };
		1381B34E16F4B60E00143FEA /* test-1.html */ = {isa = PBXFileReference; fileEncoding = 4; lastKnownFileType = text.html; path = "test-1.html"; sourceTree = "<group>"; };
		1397DD9D16ED099C0061087F /* libTestFlight.a */ = {isa = PBXFileReference; lastKnownFileType = archive.ar; path = libTestFlight.a; sourceTree = "<group>"; };
		1397DD9E16ED099C0061087F /* README.md */ = {isa = PBXFileReference; fileEncoding = 4; lastKnownFileType = text; path = README.md; sourceTree = "<group>"; };
		1397DD9F16ED099C0061087F /* release_notes.md */ = {isa = PBXFileReference; fileEncoding = 4; lastKnownFileType = text; path = release_notes.md; sourceTree = "<group>"; };
		1397DDA016ED099C0061087F /* TestFlight.h */ = {isa = PBXFileReference; fileEncoding = 4; lastKnownFileType = sourcecode.c.h; path = TestFlight.h; sourceTree = "<group>"; };
		1397DDA416ED09EE0061087F /* libz.dylib */ = {isa = PBXFileReference; lastKnownFileType = "compiled.mach-o.dylib"; name = libz.dylib; path = usr/lib/libz.dylib; sourceTree = SDKROOT; };
		1397DDA616ED0A060061087F /* libz.1.1.3.dylib */ = {isa = PBXFileReference; lastKnownFileType = "compiled.mach-o.dylib"; name = libz.1.1.3.dylib; path = usr/lib/libz.1.1.3.dylib; sourceTree = SDKROOT; };
		13EB1A1D16EBA9EE00170579 /* LPMainViewController.h */ = {isa = PBXFileReference; fileEncoding = 4; lastKnownFileType = sourcecode.c.h; path = LPMainViewController.h; sourceTree = "<group>"; };
		13EB1A1E16EBA9EE00170579 /* LPMainViewController.m */ = {isa = PBXFileReference; fileEncoding = 4; lastKnownFileType = sourcecode.c.objc; path = LPMainViewController.m; sourceTree = "<group>"; };
		13EB1A2016EBAB3A00170579 /* LPInfoViewController.h */ = {isa = PBXFileReference; fileEncoding = 4; lastKnownFileType = sourcecode.c.h; path = LPInfoViewController.h; sourceTree = "<group>"; };
		13EB1A2116EBAB3A00170579 /* LPInfoViewController.m */ = {isa = PBXFileReference; fileEncoding = 4; lastKnownFileType = sourcecode.c.objc; path = LPInfoViewController.m; sourceTree = "<group>"; };
		13EC390516EB9FE8005244BD /* Lilly Poison.app */ = {isa = PBXFileReference; explicitFileType = wrapper.application; includeInIndex = 0; path = "Lilly Poison.app"; sourceTree = BUILT_PRODUCTS_DIR; };
		13EC390816EB9FE8005244BD /* UIKit.framework */ = {isa = PBXFileReference; lastKnownFileType = wrapper.framework; name = UIKit.framework; path = System/Library/Frameworks/UIKit.framework; sourceTree = SDKROOT; };
		13EC390A16EB9FE8005244BD /* Foundation.framework */ = {isa = PBXFileReference; lastKnownFileType = wrapper.framework; name = Foundation.framework; path = System/Library/Frameworks/Foundation.framework; sourceTree = SDKROOT; };
		13EC390C16EB9FE8005244BD /* CoreGraphics.framework */ = {isa = PBXFileReference; lastKnownFileType = wrapper.framework; name = CoreGraphics.framework; path = System/Library/Frameworks/CoreGraphics.framework; sourceTree = SDKROOT; };
		13EC390E16EB9FE8005244BD /* CoreData.framework */ = {isa = PBXFileReference; lastKnownFileType = wrapper.framework; name = CoreData.framework; path = System/Library/Frameworks/CoreData.framework; sourceTree = SDKROOT; };
		13EC391216EB9FE8005244BD /* Lilly Poison-Info.plist */ = {isa = PBXFileReference; lastKnownFileType = text.plist.xml; path = "Lilly Poison-Info.plist"; sourceTree = "<group>"; };
		13EC391416EB9FE8005244BD /* en */ = {isa = PBXFileReference; lastKnownFileType = text.plist.strings; name = en; path = en.lproj/InfoPlist.strings; sourceTree = "<group>"; };
		13EC391616EB9FE8005244BD /* main.m */ = {isa = PBXFileReference; lastKnownFileType = sourcecode.c.objc; path = main.m; sourceTree = "<group>"; };
		13EC391816EB9FE8005244BD /* Lilly Poison-Prefix.pch */ = {isa = PBXFileReference; lastKnownFileType = sourcecode.c.h; path = "Lilly Poison-Prefix.pch"; sourceTree = "<group>"; };
		13EC391916EB9FE8005244BD /* LPAppDelegate.h */ = {isa = PBXFileReference; lastKnownFileType = sourcecode.c.h; path = LPAppDelegate.h; sourceTree = "<group>"; };
		13EC391A16EB9FE8005244BD /* LPAppDelegate.m */ = {isa = PBXFileReference; lastKnownFileType = sourcecode.c.objc; path = LPAppDelegate.m; sourceTree = "<group>"; };
		13EC391C16EB9FE8005244BD /* Default.png */ = {isa = PBXFileReference; lastKnownFileType = image.png; path = Default.png; sourceTree = "<group>"; };
		13EC391E16EB9FE8005244BD /* Default@2x.png */ = {isa = PBXFileReference; lastKnownFileType = image.png; path = "Default@2x.png"; sourceTree = "<group>"; };
		13EC392016EB9FE8005244BD /* Default-568h@2x.png */ = {isa = PBXFileReference; lastKnownFileType = image.png; path = "Default-568h@2x.png"; sourceTree = "<group>"; };
		13EC392316EB9FE8005244BD /* Lilly_Poisen.xcdatamodel */ = {isa = PBXFileReference; lastKnownFileType = wrapper.xcdatamodel; path = Lilly_Poisen.xcdatamodel; sourceTree = "<group>"; };
		13EC392A16EB9FE8005244BD /* Lilly PoisonTests.octest */ = {isa = PBXFileReference; explicitFileType = wrapper.cfbundle; includeInIndex = 0; path = "Lilly PoisonTests.octest"; sourceTree = BUILT_PRODUCTS_DIR; };
		13EC392B16EB9FE8005244BD /* SenTestingKit.framework */ = {isa = PBXFileReference; lastKnownFileType = wrapper.framework; name = SenTestingKit.framework; path = Library/Frameworks/SenTestingKit.framework; sourceTree = DEVELOPER_DIR; };
		13EC393416EB9FE8005244BD /* Lilly PoisonTests-Info.plist */ = {isa = PBXFileReference; lastKnownFileType = text.plist.xml; path = "Lilly PoisonTests-Info.plist"; sourceTree = "<group>"; };
		13EC393616EB9FE8005244BD /* en */ = {isa = PBXFileReference; lastKnownFileType = text.plist.strings; name = en; path = en.lproj/InfoPlist.strings; sourceTree = "<group>"; };
		13EC393816EB9FE8005244BD /* Lilly_PoisenTests.h */ = {isa = PBXFileReference; lastKnownFileType = sourcecode.c.h; path = Lilly_PoisenTests.h; sourceTree = "<group>"; };
		13EC393916EB9FE8005244BD /* Lilly_PoisenTests.m */ = {isa = PBXFileReference; lastKnownFileType = sourcecode.c.objc; path = Lilly_PoisenTests.m; sourceTree = "<group>"; };
		13EC394316EBA0A8005244BD /* MainStoryboard.storyboard */ = {isa = PBXFileReference; fileEncoding = 4; lastKnownFileType = file.storyboard; path = MainStoryboard.storyboard; sourceTree = "<group>"; };
/* End PBXFileReference section */

/* Begin PBXFrameworksBuildPhase section */
		13EC390216EB9FE8005244BD /* Frameworks */ = {
			isa = PBXFrameworksBuildPhase;
			buildActionMask = 2147483647;
			files = (
				1397DDA716ED0A060061087F /* libz.1.1.3.dylib in Frameworks */,
				13EC390916EB9FE8005244BD /* UIKit.framework in Frameworks */,
				13EC390B16EB9FE8005244BD /* Foundation.framework in Frameworks */,
				13EC390D16EB9FE8005244BD /* CoreGraphics.framework in Frameworks */,
				13EC390F16EB9FE8005244BD /* CoreData.framework in Frameworks */,
				1397DDA116ED099C0061087F /* libTestFlight.a in Frameworks */,
			);
			runOnlyForDeploymentPostprocessing = 0;
		};
		13EC392616EB9FE8005244BD /* Frameworks */ = {
			isa = PBXFrameworksBuildPhase;
			buildActionMask = 2147483647;
			files = (
				13EC392C16EB9FE8005244BD /* SenTestingKit.framework in Frameworks */,
				13EC392D16EB9FE8005244BD /* UIKit.framework in Frameworks */,
				13EC392E16EB9FE8005244BD /* Foundation.framework in Frameworks */,
				13EC392F16EB9FE8005244BD /* CoreData.framework in Frameworks */,
			);
			runOnlyForDeploymentPostprocessing = 0;
		};
/* End PBXFrameworksBuildPhase section */

/* Begin PBXGroup section */
		131341D316EE0C0200734F5E /* Model */ = {
			isa = PBXGroup;
			children = (
				1381B34316F4A4B400143FEA /* Poison.h */,
				1381B34416F4A4B400143FEA /* Poison.m */,
				13EC392216EB9FE8005244BD /* Lilly_Poisen.xcdatamodeld */,
				131341C416EDF08900734F5E /* Term.h */,
				131341C516EDF08900734F5E /* Term.m */,
			);
			name = Model;
			sourceTree = "<group>";
		};
		131341D416EE0C3B00734F5E /* Controller */ = {
			isa = PBXGroup;
			children = (
				13EB1A1D16EBA9EE00170579 /* LPMainViewController.h */,
				13EB1A1E16EBA9EE00170579 /* LPMainViewController.m */,
				13EB1A2016EBAB3A00170579 /* LPInfoViewController.h */,
				13EB1A2116EBAB3A00170579 /* LPInfoViewController.m */,
				13794DDB16EBE223003EF093 /* LPTableViewController.h */,
				13794DDC16EBE223003EF093 /* LPTableViewController.m */,
			);
			name = Controller;
			sourceTree = "<group>";
		};
		1381B33A16F1239D00143FEA /* Resources */ = {
			isa = PBXGroup;
			children = (
				1381B33B16F123A700143FEA /* color.png */,
			);
			name = Resources;
			sourceTree = "<group>";
		};
		1381B34616F4B60E00143FEA /* Content */ = {
			isa = PBXGroup;
			children = (
				1381B34716F4B60E00143FEA /* eye_contact.html */,
				1381B34816F4B60E00143FEA /* footer.html */,
				1381B34916F4B60E00143FEA /* header.html */,
				1381B34A16F4B60E00143FEA /* inhaled.html */,
				1381B34B16F4B60E00143FEA /* skin_contact.html */,
				1381B34C16F4B60E00143FEA /* style.css */,
				1381B34D16F4B60E00143FEA /* swollowed.html */,
				1381B34E16F4B60E00143FEA /* test-1.html */,
			);
			path = Content;
			sourceTree = SOURCE_ROOT;
		};
		1397DD9C16ED099C0061087F /* TestFlightSDK1.2 */ = {
			isa = PBXGroup;
			children = (
				1397DD9D16ED099C0061087F /* libTestFlight.a */,
				1397DD9E16ED099C0061087F /* README.md */,
				1397DD9F16ED099C0061087F /* release_notes.md */,
				1397DDA016ED099C0061087F /* TestFlight.h */,
			);
			path = TestFlightSDK1.2;
			sourceTree = "<group>";
		};
		13EC38FC16EB9FE8005244BD = {
			isa = PBXGroup;
			children = (
				13EC391016EB9FE8005244BD /* Lilly Poison */,
				13EC393216EB9FE8005244BD /* Lilly PoisonTests */,
				13EC390716EB9FE8005244BD /* Frameworks */,
				13EC390616EB9FE8005244BD /* Products */,
			);
			sourceTree = "<group>";
		};
		13EC390616EB9FE8005244BD /* Products */ = {
			isa = PBXGroup;
			children = (
				13EC390516EB9FE8005244BD /* Lilly Poison.app */,
				13EC392A16EB9FE8005244BD /* Lilly PoisonTests.octest */,
			);
			name = Products;
			sourceTree = "<group>";
		};
		13EC390716EB9FE8005244BD /* Frameworks */ = {
			isa = PBXGroup;
			children = (
				1397DDA616ED0A060061087F /* libz.1.1.3.dylib */,
				1397DDA416ED09EE0061087F /* libz.dylib */,
				1397DD9C16ED099C0061087F /* TestFlightSDK1.2 */,
				13EC390816EB9FE8005244BD /* UIKit.framework */,
				13EC390A16EB9FE8005244BD /* Foundation.framework */,
				13EC390C16EB9FE8005244BD /* CoreGraphics.framework */,
				13EC390E16EB9FE8005244BD /* CoreData.framework */,
				13EC392B16EB9FE8005244BD /* SenTestingKit.framework */,
			);
			name = Frameworks;
			sourceTree = "<group>";
		};
		13EC391016EB9FE8005244BD /* Lilly Poison */ = {
			isa = PBXGroup;
			children = (
				1381B34616F4B60E00143FEA /* Content */,
				1381B33A16F1239D00143FEA /* Resources */,
				131341D416EE0C3B00734F5E /* Controller */,
				131341D316EE0C0200734F5E /* Model */,
				13EC391916EB9FE8005244BD /* LPAppDelegate.h */,
				13EC391A16EB9FE8005244BD /* LPAppDelegate.m */,
				13EC391116EB9FE8005244BD /* Supporting Files */,
				13EC394316EBA0A8005244BD /* MainStoryboard.storyboard */,
				13794DD816EBE0C6003EF093 /* LPDataSource.h */,
				13794DD916EBE0C6003EF093 /* LPDataSource.m */,
				13794DE316EC000A003EF093 /* LPEntryViewCell.h */,
				13794DE416EC000A003EF093 /* LPEntryViewCell.m */,
			);
			name = "Lilly Poison";
			path = "Lilly Poisen";
			sourceTree = "<group>";
		};
		13EC391116EB9FE8005244BD /* Supporting Files */ = {
			isa = PBXGroup;
			children = (
				13EC391216EB9FE8005244BD /* Lilly Poison-Info.plist */,
				13EC391316EB9FE8005244BD /* InfoPlist.strings */,
				13EC391616EB9FE8005244BD /* main.m */,
				13EC391816EB9FE8005244BD /* Lilly Poison-Prefix.pch */,
				13EC391C16EB9FE8005244BD /* Default.png */,
				13EC391E16EB9FE8005244BD /* Default@2x.png */,
				13EC392016EB9FE8005244BD /* Default-568h@2x.png */,
			);
			name = "Supporting Files";
			sourceTree = "<group>";
		};
		13EC393216EB9FE8005244BD /* Lilly PoisonTests */ = {
			isa = PBXGroup;
			children = (
				13EC393816EB9FE8005244BD /* Lilly_PoisenTests.h */,
				13EC393916EB9FE8005244BD /* Lilly_PoisenTests.m */,
				13EC393316EB9FE8005244BD /* Supporting Files */,
			);
			name = "Lilly PoisonTests";
			path = "Lilly PoisenTests";
			sourceTree = "<group>";
		};
		13EC393316EB9FE8005244BD /* Supporting Files */ = {
			isa = PBXGroup;
			children = (
				13EC393416EB9FE8005244BD /* Lilly PoisonTests-Info.plist */,
				13EC393516EB9FE8005244BD /* InfoPlist.strings */,
			);
			name = "Supporting Files";
			sourceTree = "<group>";
		};
/* End PBXGroup section */

/* Begin PBXNativeTarget section */
		13EC390416EB9FE8005244BD /* Lilly Poison */ = {
			isa = PBXNativeTarget;
			buildConfigurationList = 13EC393D16EB9FE8005244BD /* Build configuration list for PBXNativeTarget "Lilly Poison" */;
			buildPhases = (
				13EC390116EB9FE8005244BD /* Sources */,
				13EC390216EB9FE8005244BD /* Frameworks */,
				13EC390316EB9FE8005244BD /* Resources */,
			);
			buildRules = (
			);
			dependencies = (
			);
			name = "Lilly Poison";
			productName = "Lilly Poisen";
			productReference = 13EC390516EB9FE8005244BD /* Lilly Poison.app */;
			productType = "com.apple.product-type.application";
		};
		13EC392916EB9FE8005244BD /* Lilly PoisonTests */ = {
			isa = PBXNativeTarget;
			buildConfigurationList = 13EC394016EB9FE8005244BD /* Build configuration list for PBXNativeTarget "Lilly PoisonTests" */;
			buildPhases = (
				13EC392516EB9FE8005244BD /* Sources */,
				13EC392616EB9FE8005244BD /* Frameworks */,
				13EC392716EB9FE8005244BD /* Resources */,
				13EC392816EB9FE8005244BD /* ShellScript */,
			);
			buildRules = (
			);
			dependencies = (
				13EC393116EB9FE8005244BD /* PBXTargetDependency */,
			);
			name = "Lilly PoisonTests";
			productName = "Lilly PoisenTests";
			productReference = 13EC392A16EB9FE8005244BD /* Lilly PoisonTests.octest */;
			productType = "com.apple.product-type.bundle";
		};
/* End PBXNativeTarget section */

/* Begin PBXProject section */
		13EC38FD16EB9FE8005244BD /* Project object */ = {
			isa = PBXProject;
			attributes = {
				CLASSPREFIX = LP;
				LastUpgradeCheck = 0460;
				ORGANIZATIONNAME = bGraphic;
			};
			buildConfigurationList = 13EC390016EB9FE8005244BD /* Build configuration list for PBXProject "Lilly Poison" */;
			compatibilityVersion = "Xcode 3.2";
			developmentRegion = English;
			hasScannedForEncodings = 0;
			knownRegions = (
				en,
			);
			mainGroup = 13EC38FC16EB9FE8005244BD;
			productRefGroup = 13EC390616EB9FE8005244BD /* Products */;
			projectDirPath = "";
			projectRoot = "";
			targets = (
				13EC390416EB9FE8005244BD /* Lilly Poison */,
				13EC392916EB9FE8005244BD /* Lilly PoisonTests */,
			);
		};
/* End PBXProject section */

/* Begin PBXResourcesBuildPhase section */
		13EC390316EB9FE8005244BD /* Resources */ = {
			isa = PBXResourcesBuildPhase;
			buildActionMask = 2147483647;
			files = (
				13EC391516EB9FE8005244BD /* InfoPlist.strings in Resources */,
				13EC391D16EB9FE8005244BD /* Default.png in Resources */,
				13EC391F16EB9FE8005244BD /* Default@2x.png in Resources */,
				13EC392116EB9FE8005244BD /* Default-568h@2x.png in Resources */,
				13EC394416EBA0A8005244BD /* MainStoryboard.storyboard in Resources */,
				1397DDA216ED099C0061087F /* README.md in Resources */,
				1397DDA316ED099C0061087F /* release_notes.md in Resources */,
				1381B33C16F123A700143FEA /* color.png in Resources */,
				1381B34F16F4B60E00143FEA /* eye_contact.html in Resources */,
				1381B35016F4B60E00143FEA /* footer.html in Resources */,
				1381B35116F4B60E00143FEA /* header.html in Resources */,
				1381B35216F4B60E00143FEA /* inhaled.html in Resources */,
				1381B35316F4B60E00143FEA /* skin_contact.html in Resources */,
				1381B35416F4B60E00143FEA /* style.css in Resources */,
				1381B35516F4B60E00143FEA /* swollowed.html in Resources */,
				1381B35616F4B60E00143FEA /* test-1.html in Resources */,
			);
			runOnlyForDeploymentPostprocessing = 0;
		};
		13EC392716EB9FE8005244BD /* Resources */ = {
			isa = PBXResourcesBuildPhase;
			buildActionMask = 2147483647;
			files = (
				13EC393716EB9FE8005244BD /* InfoPlist.strings in Resources */,
				13EC394516EBA0A8005244BD /* MainStoryboard.storyboard in Resources */,
			);
			runOnlyForDeploymentPostprocessing = 0;
		};
/* End PBXResourcesBuildPhase section */

/* Begin PBXShellScriptBuildPhase section */
		13EC392816EB9FE8005244BD /* ShellScript */ = {
			isa = PBXShellScriptBuildPhase;
			buildActionMask = 2147483647;
			files = (
			);
			inputPaths = (
			);
			outputPaths = (
			);
			runOnlyForDeploymentPostprocessing = 0;
			shellPath = /bin/sh;
			shellScript = "# Run the unit tests in this test bundle.\n\"${SYSTEM_DEVELOPER_DIR}/Tools/RunUnitTests\"\n";
		};
/* End PBXShellScriptBuildPhase section */

/* Begin PBXSourcesBuildPhase section */
		13EC390116EB9FE8005244BD /* Sources */ = {
			isa = PBXSourcesBuildPhase;
			buildActionMask = 2147483647;
			files = (
				13EC391716EB9FE8005244BD /* main.m in Sources */,
				13EC391B16EB9FE8005244BD /* LPAppDelegate.m in Sources */,
				13EC392416EB9FE8005244BD /* Lilly_Poisen.xcdatamodeld in Sources */,
				13EB1A1F16EBA9EE00170579 /* LPMainViewController.m in Sources */,
				13EB1A2216EBAB3A00170579 /* LPInfoViewController.m in Sources */,
				13794DDA16EBE0C6003EF093 /* LPDataSource.m in Sources */,
				13794DDD16EBE223003EF093 /* LPTableViewController.m in Sources */,
				13794DE516EC000A003EF093 /* LPEntryViewCell.m in Sources */,
				131341C616EDF08900734F5E /* Term.m in Sources */,
				1381B34516F4A4B400143FEA /* Poison.m in Sources */,
			);
			runOnlyForDeploymentPostprocessing = 0;
		};
		13EC392516EB9FE8005244BD /* Sources */ = {
			isa = PBXSourcesBuildPhase;
			buildActionMask = 2147483647;
			files = (
				13EC393A16EB9FE8005244BD /* Lilly_PoisenTests.m in Sources */,
			);
			runOnlyForDeploymentPostprocessing = 0;
		};
/* End PBXSourcesBuildPhase section */

/* Begin PBXTargetDependency section */
		13EC393116EB9FE8005244BD /* PBXTargetDependency */ = {
			isa = PBXTargetDependency;
			target = 13EC390416EB9FE8005244BD /* Lilly Poison */;
			targetProxy = 13EC393016EB9FE8005244BD /* PBXContainerItemProxy */;
		};
/* End PBXTargetDependency section */

/* Begin PBXVariantGroup section */
		13EC391316EB9FE8005244BD /* InfoPlist.strings */ = {
			isa = PBXVariantGroup;
			children = (
				13EC391416EB9FE8005244BD /* en */,
			);
			name = InfoPlist.strings;
			sourceTree = "<group>";
		};
		13EC393516EB9FE8005244BD /* InfoPlist.strings */ = {
			isa = PBXVariantGroup;
			children = (
				13EC393616EB9FE8005244BD /* en */,
			);
			name = InfoPlist.strings;
			sourceTree = "<group>";
		};
/* End PBXVariantGroup section */

/* Begin XCBuildConfiguration section */
		1397DDA816ED0A270061087F /* AdHoc */ = {
			isa = XCBuildConfiguration;
			buildSettings = {
				ALWAYS_SEARCH_USER_PATHS = NO;
				CLANG_CXX_LANGUAGE_STANDARD = "gnu++0x";
				CLANG_CXX_LIBRARY = "libc++";
				CLANG_ENABLE_OBJC_ARC = YES;
				CLANG_WARN_CONSTANT_CONVERSION = YES;
				CLANG_WARN_EMPTY_BODY = YES;
				CLANG_WARN_ENUM_CONVERSION = YES;
				CLANG_WARN_INT_CONVERSION = YES;
				CLANG_WARN__DUPLICATE_METHOD_MATCH = YES;
				"CODE_SIGN_IDENTITY[sdk=iphoneos*]" = "iPhone Distribution: bGraphic AS";
				COPY_PHASE_STRIP = YES;
				GCC_C_LANGUAGE_STANDARD = gnu99;
				GCC_PREPROCESSOR_DEFINITIONS = "ADHOC=1";
				GCC_WARN_ABOUT_RETURN_TYPE = YES;
				GCC_WARN_UNINITIALIZED_AUTOS = YES;
				GCC_WARN_UNUSED_VARIABLE = YES;
				IPHONEOS_DEPLOYMENT_TARGET = 6.1;
				OTHER_CFLAGS = "-DNS_BLOCK_ASSERTIONS=1";
				"PROVISIONING_PROFILE[sdk=iphoneos*]" = "AF4947CC-68C0-4DB6-BBE8-3766DFCF833B";
				SDKROOT = iphoneos;
				VALIDATE_PRODUCT = YES;
			};
			name = AdHoc;
		};
		1397DDA916ED0A270061087F /* AdHoc */ = {
			isa = XCBuildConfiguration;
			buildSettings = {
				GCC_PRECOMPILE_PREFIX_HEADER = YES;
				GCC_PREFIX_HEADER = "Lilly Poisen/Lilly Poison-Prefix.pch";
				INFOPLIST_FILE = "Lilly Poisen/Lilly Poison-Info.plist";
				IPHONEOS_DEPLOYMENT_TARGET = 5.0;
				LIBRARY_SEARCH_PATHS = (
					"$(inherited)",
					"\"$(SRCROOT)/TestFlightSDK1.2\"",
				);
				PRODUCT_NAME = "Lilly Poison";
				TARGETED_DEVICE_FAMILY = 1;
				WRAPPER_EXTENSION = app;
			};
			name = AdHoc;
		};
		1397DDAA16ED0A270061087F /* AdHoc */ = {
			isa = XCBuildConfiguration;
			buildSettings = {
				BUNDLE_LOADER = "$(BUILT_PRODUCTS_DIR)/Lilly Poisen.app/Lilly Poisen";
				FRAMEWORK_SEARCH_PATHS = (
					"\"$(SDKROOT)/Developer/Library/Frameworks\"",
					"\"$(DEVELOPER_LIBRARY_DIR)/Frameworks\"",
				);
				GCC_PRECOMPILE_PREFIX_HEADER = YES;
				GCC_PREFIX_HEADER = "Lilly Poisen/Lilly Poisen-Prefix.pch";
				INFOPLIST_FILE = "Lilly PoisenTests/Lilly PoisonTests-Info.plist";
				PRODUCT_NAME = "Lilly PoisonTests";
				TEST_HOST = "$(BUNDLE_LOADER)";
				WRAPPER_EXTENSION = octest;
			};
			name = AdHoc;
		};
		13EC393B16EB9FE8005244BD /* Debug */ = {
			isa = XCBuildConfiguration;
			buildSettings = {
				ALWAYS_SEARCH_USER_PATHS = NO;
				CLANG_CXX_LANGUAGE_STANDARD = "gnu++0x";
				CLANG_CXX_LIBRARY = "libc++";
				CLANG_ENABLE_OBJC_ARC = YES;
				CLANG_WARN_CONSTANT_CONVERSION = YES;
				CLANG_WARN_EMPTY_BODY = YES;
				CLANG_WARN_ENUM_CONVERSION = YES;
				CLANG_WARN_INT_CONVERSION = YES;
				CLANG_WARN__DUPLICATE_METHOD_MATCH = YES;
				"CODE_SIGN_IDENTITY[sdk=iphoneos*]" = "iPhone Developer";
				COPY_PHASE_STRIP = NO;
				GCC_C_LANGUAGE_STANDARD = gnu99;
				GCC_DYNAMIC_NO_PIC = NO;
				GCC_OPTIMIZATION_LEVEL = 0;
				GCC_PREPROCESSOR_DEFINITIONS = (
					"DEBUG=1",
					"$(inherited)",
				);
				GCC_SYMBOLS_PRIVATE_EXTERN = NO;
				GCC_WARN_ABOUT_RETURN_TYPE = YES;
				GCC_WARN_UNINITIALIZED_AUTOS = YES;
				GCC_WARN_UNUSED_VARIABLE = YES;
				IPHONEOS_DEPLOYMENT_TARGET = 6.1;
				ONLY_ACTIVE_ARCH = YES;
				SDKROOT = iphoneos;
			};
			name = Debug;
		};
		13EC393C16EB9FE8005244BD /* Release */ = {
			isa = XCBuildConfiguration;
			buildSettings = {
				ALWAYS_SEARCH_USER_PATHS = NO;
				CLANG_CXX_LANGUAGE_STANDARD = "gnu++0x";
				CLANG_CXX_LIBRARY = "libc++";
				CLANG_ENABLE_OBJC_ARC = YES;
				CLANG_WARN_CONSTANT_CONVERSION = YES;
				CLANG_WARN_EMPTY_BODY = YES;
				CLANG_WARN_ENUM_CONVERSION = YES;
				CLANG_WARN_INT_CONVERSION = YES;
				CLANG_WARN__DUPLICATE_METHOD_MATCH = YES;
				"CODE_SIGN_IDENTITY[sdk=iphoneos*]" = "iPhone Developer";
				COPY_PHASE_STRIP = YES;
				GCC_C_LANGUAGE_STANDARD = gnu99;
				GCC_WARN_ABOUT_RETURN_TYPE = YES;
				GCC_WARN_UNINITIALIZED_AUTOS = YES;
				GCC_WARN_UNUSED_VARIABLE = YES;
				IPHONEOS_DEPLOYMENT_TARGET = 6.1;
				OTHER_CFLAGS = "-DNS_BLOCK_ASSERTIONS=1";
				SDKROOT = iphoneos;
				VALIDATE_PRODUCT = YES;
			};
			name = Release;
		};
		13EC393E16EB9FE8005244BD /* Debug */ = {
			isa = XCBuildConfiguration;
			buildSettings = {
				GCC_PRECOMPILE_PREFIX_HEADER = YES;
				GCC_PREFIX_HEADER = "Lilly Poisen/Lilly Poison-Prefix.pch";
				INFOPLIST_FILE = "Lilly Poisen/Lilly Poison-Info.plist";
				IPHONEOS_DEPLOYMENT_TARGET = 5.0;
				LIBRARY_SEARCH_PATHS = (
					"$(inherited)",
					"\"$(SRCROOT)/TestFlightSDK1.2\"",
				);
				PRODUCT_NAME = "Lilly Poison";
				TARGETED_DEVICE_FAMILY = 1;
				WRAPPER_EXTENSION = app;
			};
			name = Debug;
		};
		13EC393F16EB9FE8005244BD /* Release */ = {
			isa = XCBuildConfiguration;
			buildSettings = {
				GCC_PRECOMPILE_PREFIX_HEADER = YES;
				GCC_PREFIX_HEADER = "Lilly Poisen/Lilly Poison-Prefix.pch";
				INFOPLIST_FILE = "Lilly Poisen/Lilly Poison-Info.plist";
				IPHONEOS_DEPLOYMENT_TARGET = 5.0;
				LIBRARY_SEARCH_PATHS = (
					"$(inherited)",
					"\"$(SRCROOT)/TestFlightSDK1.2\"",
				);
				PRODUCT_NAME = "Lilly Poison";
				TARGETED_DEVICE_FAMILY = 1;
				WRAPPER_EXTENSION = app;
			};
			name = Release;
		};
		13EC394116EB9FE8005244BD /* Debug */ = {
			isa = XCBuildConfiguration;
			buildSettings = {
				BUNDLE_LOADER = "$(BUILT_PRODUCTS_DIR)/Lilly Poisen.app/Lilly Poisen";
				FRAMEWORK_SEARCH_PATHS = (
					"\"$(SDKROOT)/Developer/Library/Frameworks\"",
					"\"$(DEVELOPER_LIBRARY_DIR)/Frameworks\"",
				);
				GCC_PRECOMPILE_PREFIX_HEADER = YES;
				GCC_PREFIX_HEADER = "Lilly Poisen/Lilly Poisen-Prefix.pch";
				INFOPLIST_FILE = "Lilly PoisenTests/Lilly PoisonTests-Info.plist";
				PRODUCT_NAME = "Lilly PoisonTests";
				TEST_HOST = "$(BUNDLE_LOADER)";
				WRAPPER_EXTENSION = octest;
			};
			name = Debug;
		};
		13EC394216EB9FE8005244BD /* Release */ = {
			isa = XCBuildConfiguration;
			buildSettings = {
				BUNDLE_LOADER = "$(BUILT_PRODUCTS_DIR)/Lilly Poisen.app/Lilly Poisen";
				FRAMEWORK_SEARCH_PATHS = (
					"\"$(SDKROOT)/Developer/Library/Frameworks\"",
					"\"$(DEVELOPER_LIBRARY_DIR)/Frameworks\"",
				);
				GCC_PRECOMPILE_PREFIX_HEADER = YES;
				GCC_PREFIX_HEADER = "Lilly Poisen/Lilly Poisen-Prefix.pch";
				INFOPLIST_FILE = "Lilly PoisenTests/Lilly PoisonTests-Info.plist";
				PRODUCT_NAME = "Lilly PoisonTests";
				TEST_HOST = "$(BUNDLE_LOADER)";
				WRAPPER_EXTENSION = octest;
			};
			name = Release;
		};
/* End XCBuildConfiguration section */

/* Begin XCConfigurationList section */
		13EC390016EB9FE8005244BD /* Build configuration list for PBXProject "Lilly Poison" */ = {
			isa = XCConfigurationList;
			buildConfigurations = (
				13EC393B16EB9FE8005244BD /* Debug */,
				13EC393C16EB9FE8005244BD /* Release */,
				1397DDA816ED0A270061087F /* AdHoc */,
			);
			defaultConfigurationIsVisible = 0;
			defaultConfigurationName = Release;
		};
		13EC393D16EB9FE8005244BD /* Build configuration list for PBXNativeTarget "Lilly Poison" */ = {
			isa = XCConfigurationList;
			buildConfigurations = (
				13EC393E16EB9FE8005244BD /* Debug */,
				13EC393F16EB9FE8005244BD /* Release */,
				1397DDA916ED0A270061087F /* AdHoc */,
			);
			defaultConfigurationIsVisible = 0;
			defaultConfigurationName = Release;
		};
		13EC394016EB9FE8005244BD /* Build configuration list for PBXNativeTarget "Lilly PoisonTests" */ = {
			isa = XCConfigurationList;
			buildConfigurations = (
				13EC394116EB9FE8005244BD /* Debug */,
				13EC394216EB9FE8005244BD /* Release */,
				1397DDAA16ED0A270061087F /* AdHoc */,
			);
			defaultConfigurationIsVisible = 0;
			defaultConfigurationName = Release;
		};
/* End XCConfigurationList section */

/* Begin XCVersionGroup section */
		13EC392216EB9FE8005244BD /* Lilly_Poisen.xcdatamodeld */ = {
			isa = XCVersionGroup;
			children = (
				13EC392316EB9FE8005244BD /* Lilly_Poisen.xcdatamodel */,
			);
			currentVersion = 13EC392316EB9FE8005244BD /* Lilly_Poisen.xcdatamodel */;
			path = Lilly_Poisen.xcdatamodeld;
			sourceTree = "<group>";
			versionGroupType = wrapper.xcdatamodel;
		};
/* End XCVersionGroup section */
	};
	rootObject = 13EC38FD16EB9FE8005244BD /* Project object */;
}
