// !$*UTF8*$!
{
	archiveVersion = 1;
	classes = {
	};
	objectVersion = 46;
	objects = {

/* Begin PBXBuildFile section */
		13323A4017103B3D0097C0AD /* main.m in Sources */ = {isa = PBXBuildFile; fileRef = 13EC391616EB9FE8005244BD /* main.m */; };
		13323A4117103B3D0097C0AD /* LPAppDelegate.m in Sources */ = {isa = PBXBuildFile; fileRef = 13EC391A16EB9FE8005244BD /* LPAppDelegate.m */; };
		13323A4217103B3D0097C0AD /* LPMainViewController.m in Sources */ = {isa = PBXBuildFile; fileRef = 13EB1A1E16EBA9EE00170579 /* LPMainViewController.m */; };
		13323A4317103B3D0097C0AD /* LPPoisonDataSource.m in Sources */ = {isa = PBXBuildFile; fileRef = 13794DD916EBE0C6003EF093 /* LPPoisonDataSource.m */; };
		13323A4417103B3D0097C0AD /* LPPoisonTableViewController.m in Sources */ = {isa = PBXBuildFile; fileRef = 13794DDC16EBE223003EF093 /* LPPoisonTableViewController.m */; };
		13323A4517103B3D0097C0AD /* LPPoison.m in Sources */ = {isa = PBXBuildFile; fileRef = 1381B34416F4A4B400143FEA /* LPPoison.m */; };
		13323A4617103B3D0097C0AD /* LPHtmlStringHelper.m in Sources */ = {isa = PBXBuildFile; fileRef = 1381B36116F4E82800143FEA /* LPHtmlStringHelper.m */; };
		13323A4717103B3D0097C0AD /* LPTopic.m in Sources */ = {isa = PBXBuildFile; fileRef = 13A0B6791709EB7200B4970F /* LPTopic.m */; };
		13323A4817103B3D0097C0AD /* LPJSONfromWP.m in Sources */ = {isa = PBXBuildFile; fileRef = 13A0B67F1709F7BD00B4970F /* LPJSONfromWP.m */; };
		13323A4917103B3D0097C0AD /* LPPoisonDataFromWP.m in Sources */ = {isa = PBXBuildFile; fileRef = 13A0B6821709FBF100B4970F /* LPPoisonDataFromWP.m */; };
		13323A4A17103B3D0097C0AD /* LPTopicDataFromWP.m in Sources */ = {isa = PBXBuildFile; fileRef = 13A0B685170A08C900B4970F /* LPTopicDataFromWP.m */; };
		13323A4B17103B3D0097C0AD /* LPTopicDataSource.m in Sources */ = {isa = PBXBuildFile; fileRef = 13A0B688170A3ECE00B4970F /* LPTopicDataSource.m */; };
		13323A4C17103B3D0097C0AD /* LPPhoneBooth.m in Sources */ = {isa = PBXBuildFile; fileRef = 13252473170ABCC70025B78D /* LPPhoneBooth.m */; };
		13323A5217103B3D0097C0AD /* MessageUI.framework in Frameworks */ = {isa = PBXBuildFile; fileRef = 134EA9A1170DB7BE00F4D166 /* MessageUI.framework */; };
		13323A5317103B3D0097C0AD /* libz.1.1.3.dylib in Frameworks */ = {isa = PBXBuildFile; fileRef = 1397DDA616ED0A060061087F /* libz.1.1.3.dylib */; };
		13323A5417103B3D0097C0AD /* UIKit.framework in Frameworks */ = {isa = PBXBuildFile; fileRef = 13EC390816EB9FE8005244BD /* UIKit.framework */; };
		13323A5517103B3D0097C0AD /* Foundation.framework in Frameworks */ = {isa = PBXBuildFile; fileRef = 13EC390A16EB9FE8005244BD /* Foundation.framework */; };
		13323A5617103B3D0097C0AD /* CoreGraphics.framework in Frameworks */ = {isa = PBXBuildFile; fileRef = 13EC390C16EB9FE8005244BD /* CoreGraphics.framework */; };
		13323A5717103B3D0097C0AD /* CoreData.framework in Frameworks */ = {isa = PBXBuildFile; fileRef = 13EC390E16EB9FE8005244BD /* CoreData.framework */; };
		13323A5817103B3D0097C0AD /* libPods.a in Frameworks */ = {isa = PBXBuildFile; fileRef = CFC2B241B0EB42DF9EDE0157 /* libPods.a */; };
		13323A5D17103B3D0097C0AD /* MainStoryboard.storyboard in Resources */ = {isa = PBXBuildFile; fileRef = 13EC394316EBA0A8005244BD /* MainStoryboard.storyboard */; };
		13323A5E17103B3D0097C0AD /* footer.html in Resources */ = {isa = PBXBuildFile; fileRef = 132D26DE170076AA00967E5C /* footer.html */; };
		13323A5F17103B3D0097C0AD /* header.html in Resources */ = {isa = PBXBuildFile; fileRef = 132D26DF170076AA00967E5C /* header.html */; };
		13323A6017103B3D0097C0AD /* main-info.plist in Resources */ = {isa = PBXBuildFile; fileRef = 132D26E0170076AA00967E5C /* main-info.plist */; };
		13323A6117103B3D0097C0AD /* style.css in Resources */ = {isa = PBXBuildFile; fileRef = 132D26E2170076AA00967E5C /* style.css */; };
		13323A6217103B3D0097C0AD /* summary.html in Resources */ = {isa = PBXBuildFile; fileRef = 132D26E7170076AA00967E5C /* summary.html */; };
		13323A6317103B3D0097C0AD /* poisons.json in Resources */ = {isa = PBXBuildFile; fileRef = 13D7F43F170455EB001D7F93 /* poisons.json */; };
		13323A6417103B3D0097C0AD /* topics.json in Resources */ = {isa = PBXBuildFile; fileRef = 13A0B6711709E67F00B4970F /* topics.json */; };
		13323A6A17103B3D0097C0AD /* InfoPage.plist in Resources */ = {isa = PBXBuildFile; fileRef = 134EA9B3170DBF8700F4D166 /* InfoPage.plist */; };
		13323A7917103DA90097C0AD /* InfoPlist.strings in Resources */ = {isa = PBXBuildFile; fileRef = 13323A7717103DA90097C0AD /* InfoPlist.strings */; };
		138AACB917104A5A00D40198 /* PoisonInfo_57.png in Resources */ = {isa = PBXBuildFile; fileRef = 138AACB817104A5A00D40198 /* PoisonInfo_57.png */; };
		138AACBB17104A5D00D40198 /* PoisonInfo_114.png in Resources */ = {isa = PBXBuildFile; fileRef = 138AACBA17104A5D00D40198 /* PoisonInfo_114.png */; };
		138AACCA1711D6E800D40198 /* Default-568h@2x.png in Resources */ = {isa = PBXBuildFile; fileRef = 138AACC41711D66500D40198 /* Default-568h@2x.png */; };
		138AACCB1711D6EB00D40198 /* Default@2x.png in Resources */ = {isa = PBXBuildFile; fileRef = 138AACC81711D68000D40198 /* Default@2x.png */; };
		138AACCC1711D6ED00D40198 /* Default.png in Resources */ = {isa = PBXBuildFile; fileRef = 138AACC61711D67D00D40198 /* Default.png */; };
		139F8A77174E4FA4007B20B4 /* Localizable.strings in Resources */ = {isa = PBXBuildFile; fileRef = 134EA9AD170DBB6000F4D166 /* Localizable.strings */; };
		13EC392C16EB9FE8005244BD /* SenTestingKit.framework in Frameworks */ = {isa = PBXBuildFile; fileRef = 13EC392B16EB9FE8005244BD /* SenTestingKit.framework */; };
		13EC392D16EB9FE8005244BD /* UIKit.framework in Frameworks */ = {isa = PBXBuildFile; fileRef = 13EC390816EB9FE8005244BD /* UIKit.framework */; };
		13EC392E16EB9FE8005244BD /* Foundation.framework in Frameworks */ = {isa = PBXBuildFile; fileRef = 13EC390A16EB9FE8005244BD /* Foundation.framework */; };
		13EC392F16EB9FE8005244BD /* CoreData.framework in Frameworks */ = {isa = PBXBuildFile; fileRef = 13EC390E16EB9FE8005244BD /* CoreData.framework */; };
		13EC393A16EB9FE8005244BD /* Lilly_PoisenTests.m in Sources */ = {isa = PBXBuildFile; fileRef = 13EC393916EB9FE8005244BD /* Lilly_PoisenTests.m */; };
		13EC394516EBA0A8005244BD /* MainStoryboard.storyboard in Resources */ = {isa = PBXBuildFile; fileRef = 13EC394316EBA0A8005244BD /* MainStoryboard.storyboard */; };
/* End PBXBuildFile section */

/* Begin PBXFileReference section */
		13252472170ABCC70025B78D /* LPPhoneBooth.h */ = {isa = PBXFileReference; fileEncoding = 4; lastKnownFileType = sourcecode.c.h; path = LPPhoneBooth.h; sourceTree = "<group>"; };
		13252473170ABCC70025B78D /* LPPhoneBooth.m */ = {isa = PBXFileReference; fileEncoding = 4; lastKnownFileType = sourcecode.c.objc; path = LPPhoneBooth.m; sourceTree = "<group>"; };
		132D26DE170076AA00967E5C /* footer.html */ = {isa = PBXFileReference; fileEncoding = 4; lastKnownFileType = text.html; name = footer.html; path = structure/footer.html; sourceTree = "<group>"; };
		132D26DF170076AA00967E5C /* header.html */ = {isa = PBXFileReference; fileEncoding = 4; lastKnownFileType = text.html; name = header.html; path = structure/header.html; sourceTree = "<group>"; };
		132D26E0170076AA00967E5C /* main-info.plist */ = {isa = PBXFileReference; fileEncoding = 4; lastKnownFileType = text.plist.xml; name = "main-info.plist"; path = "structure/main-info.plist"; sourceTree = "<group>"; };
		132D26E2170076AA00967E5C /* style.css */ = {isa = PBXFileReference; fileEncoding = 4; lastKnownFileType = text.css; name = style.css; path = structure/style.css; sourceTree = "<group>"; };
		132D26E7170076AA00967E5C /* summary.html */ = {isa = PBXFileReference; fileEncoding = 4; lastKnownFileType = text.html; name = summary.html; path = general/summary.html; sourceTree = "<group>"; };
		13323A7417103B3D0097C0AD /* PoisonInfo.app */ = {isa = PBXFileReference; explicitFileType = wrapper.application; includeInIndex = 0; path = PoisonInfo.app; sourceTree = BUILT_PRODUCTS_DIR; };
		13323A7617103C5E0097C0AD /* Lilly Poison - Info.plist */ = {isa = PBXFileReference; lastKnownFileType = text.plist.xml; path = "Lilly Poison - Info.plist"; sourceTree = "<group>"; };
		13323A7717103DA90097C0AD /* InfoPlist.strings */ = {isa = PBXFileReference; fileEncoding = 4; lastKnownFileType = text.plist.strings; path = InfoPlist.strings; sourceTree = "<group>"; };
		134EA9A1170DB7BE00F4D166 /* MessageUI.framework */ = {isa = PBXFileReference; lastKnownFileType = wrapper.framework; name = MessageUI.framework; path = System/Library/Frameworks/MessageUI.framework; sourceTree = SDKROOT; };
		134EA9AE170DBB6A00F4D166 /* nb */ = {isa = PBXFileReference; lastKnownFileType = text.plist.strings; name = nb; path = nb.lproj/Localizable.strings; sourceTree = "<group>"; };
		134EA9B3170DBF8700F4D166 /* InfoPage.plist */ = {isa = PBXFileReference; fileEncoding = 4; lastKnownFileType = text.plist.xml; path = InfoPage.plist; sourceTree = "<group>"; };
		13794DD816EBE0C6003EF093 /* LPPoisonDataSource.h */ = {isa = PBXFileReference; fileEncoding = 4; lastKnownFileType = sourcecode.c.h; path = LPPoisonDataSource.h; sourceTree = "<group>"; };
		13794DD916EBE0C6003EF093 /* LPPoisonDataSource.m */ = {isa = PBXFileReference; fileEncoding = 4; lastKnownFileType = sourcecode.c.objc; path = LPPoisonDataSource.m; sourceTree = "<group>"; };
		13794DDB16EBE223003EF093 /* LPPoisonTableViewController.h */ = {isa = PBXFileReference; fileEncoding = 4; lastKnownFileType = sourcecode.c.h; path = LPPoisonTableViewController.h; sourceTree = "<group>"; };
		13794DDC16EBE223003EF093 /* LPPoisonTableViewController.m */ = {isa = PBXFileReference; fileEncoding = 4; lastKnownFileType = sourcecode.c.objc; path = LPPoisonTableViewController.m; sourceTree = "<group>"; };
		1381B34316F4A4B400143FEA /* LPPoison.h */ = {isa = PBXFileReference; fileEncoding = 4; lastKnownFileType = sourcecode.c.h; path = LPPoison.h; sourceTree = "<group>"; };
		1381B34416F4A4B400143FEA /* LPPoison.m */ = {isa = PBXFileReference; fileEncoding = 4; lastKnownFileType = sourcecode.c.objc; path = LPPoison.m; sourceTree = "<group>"; };
		1381B36016F4E82800143FEA /* LPHtmlStringHelper.h */ = {isa = PBXFileReference; fileEncoding = 4; lastKnownFileType = sourcecode.c.h; path = LPHtmlStringHelper.h; sourceTree = "<group>"; };
		1381B36116F4E82800143FEA /* LPHtmlStringHelper.m */ = {isa = PBXFileReference; fileEncoding = 4; lastKnownFileType = sourcecode.c.objc; path = LPHtmlStringHelper.m; sourceTree = "<group>"; };
		138AACB817104A5A00D40198 /* PoisonInfo_57.png */ = {isa = PBXFileReference; lastKnownFileType = image.png; path = PoisonInfo_57.png; sourceTree = "<group>"; };
		138AACBA17104A5D00D40198 /* PoisonInfo_114.png */ = {isa = PBXFileReference; lastKnownFileType = image.png; path = PoisonInfo_114.png; sourceTree = "<group>"; };
		138AACBC17104BCC00D40198 /* PoisonInfo_57-beta.png */ = {isa = PBXFileReference; lastKnownFileType = image.png; path = "PoisonInfo_57-beta.png"; sourceTree = "<group>"; };
		138AACBE17104BCF00D40198 /* PoisonInfo_114-beta.png */ = {isa = PBXFileReference; lastKnownFileType = image.png; path = "PoisonInfo_114-beta.png"; sourceTree = "<group>"; };
		138AACC41711D66500D40198 /* Default-568h@2x.png */ = {isa = PBXFileReference; lastKnownFileType = image.png; path = "Default-568h@2x.png"; sourceTree = "<group>"; };
		138AACC61711D67D00D40198 /* Default.png */ = {isa = PBXFileReference; lastKnownFileType = image.png; path = Default.png; sourceTree = "<group>"; };
		138AACC81711D68000D40198 /* Default@2x.png */ = {isa = PBXFileReference; lastKnownFileType = image.png; path = "Default@2x.png"; sourceTree = "<group>"; };
		1397DDA416ED09EE0061087F /* libz.dylib */ = {isa = PBXFileReference; lastKnownFileType = "compiled.mach-o.dylib"; name = libz.dylib; path = usr/lib/libz.dylib; sourceTree = SDKROOT; };
		1397DDA616ED0A060061087F /* libz.1.1.3.dylib */ = {isa = PBXFileReference; lastKnownFileType = "compiled.mach-o.dylib"; name = libz.1.1.3.dylib; path = usr/lib/libz.1.1.3.dylib; sourceTree = SDKROOT; };
		13A0B6711709E67F00B4970F /* topics.json */ = {isa = PBXFileReference; fileEncoding = 4; lastKnownFileType = text.json; path = topics.json; sourceTree = "<group>"; };
		13A0B6781709EB7200B4970F /* LPTopic.h */ = {isa = PBXFileReference; fileEncoding = 4; lastKnownFileType = sourcecode.c.h; path = LPTopic.h; sourceTree = "<group>"; };
		13A0B6791709EB7200B4970F /* LPTopic.m */ = {isa = PBXFileReference; fileEncoding = 4; lastKnownFileType = sourcecode.c.objc; path = LPTopic.m; sourceTree = "<group>"; };
		13A0B67E1709F7BD00B4970F /* LPJSONfromWP.h */ = {isa = PBXFileReference; fileEncoding = 4; lastKnownFileType = sourcecode.c.h; path = LPJSONfromWP.h; sourceTree = "<group>"; };
		13A0B67F1709F7BD00B4970F /* LPJSONfromWP.m */ = {isa = PBXFileReference; fileEncoding = 4; lastKnownFileType = sourcecode.c.objc; path = LPJSONfromWP.m; sourceTree = "<group>"; };
		13A0B6811709FBF100B4970F /* LPPoisonDataFromWP.h */ = {isa = PBXFileReference; fileEncoding = 4; lastKnownFileType = sourcecode.c.h; path = LPPoisonDataFromWP.h; sourceTree = "<group>"; };
		13A0B6821709FBF100B4970F /* LPPoisonDataFromWP.m */ = {isa = PBXFileReference; fileEncoding = 4; lastKnownFileType = sourcecode.c.objc; path = LPPoisonDataFromWP.m; sourceTree = "<group>"; };
		13A0B684170A08C900B4970F /* LPTopicDataFromWP.h */ = {isa = PBXFileReference; fileEncoding = 4; lastKnownFileType = sourcecode.c.h; path = LPTopicDataFromWP.h; sourceTree = "<group>"; };
		13A0B685170A08C900B4970F /* LPTopicDataFromWP.m */ = {isa = PBXFileReference; fileEncoding = 4; lastKnownFileType = sourcecode.c.objc; path = LPTopicDataFromWP.m; sourceTree = "<group>"; };
		13A0B687170A3ECE00B4970F /* LPTopicDataSource.h */ = {isa = PBXFileReference; fileEncoding = 4; lastKnownFileType = sourcecode.c.h; path = LPTopicDataSource.h; sourceTree = "<group>"; };
		13A0B688170A3ECE00B4970F /* LPTopicDataSource.m */ = {isa = PBXFileReference; fileEncoding = 4; lastKnownFileType = sourcecode.c.objc; path = LPTopicDataSource.m; sourceTree = "<group>"; };
		13D7F43F170455EB001D7F93 /* poisons.json */ = {isa = PBXFileReference; fileEncoding = 4; lastKnownFileType = text.json; path = poisons.json; sourceTree = "<group>"; };
		13EB1A1D16EBA9EE00170579 /* LPMainViewController.h */ = {isa = PBXFileReference; fileEncoding = 4; lastKnownFileType = sourcecode.c.h; path = LPMainViewController.h; sourceTree = "<group>"; };
		13EB1A1E16EBA9EE00170579 /* LPMainViewController.m */ = {isa = PBXFileReference; fileEncoding = 4; lastKnownFileType = sourcecode.c.objc; path = LPMainViewController.m; sourceTree = "<group>"; };
		13EC390816EB9FE8005244BD /* UIKit.framework */ = {isa = PBXFileReference; lastKnownFileType = wrapper.framework; name = UIKit.framework; path = System/Library/Frameworks/UIKit.framework; sourceTree = SDKROOT; };
		13EC390A16EB9FE8005244BD /* Foundation.framework */ = {isa = PBXFileReference; lastKnownFileType = wrapper.framework; name = Foundation.framework; path = System/Library/Frameworks/Foundation.framework; sourceTree = SDKROOT; };
		13EC390C16EB9FE8005244BD /* CoreGraphics.framework */ = {isa = PBXFileReference; lastKnownFileType = wrapper.framework; name = CoreGraphics.framework; path = System/Library/Frameworks/CoreGraphics.framework; sourceTree = SDKROOT; };
		13EC390E16EB9FE8005244BD /* CoreData.framework */ = {isa = PBXFileReference; lastKnownFileType = wrapper.framework; name = CoreData.framework; path = System/Library/Frameworks/CoreData.framework; sourceTree = SDKROOT; };
		13EC391216EB9FE8005244BD /* Lilly Poison Beta - Info.plist */ = {isa = PBXFileReference; lastKnownFileType = text.plist.xml; path = "Lilly Poison Beta - Info.plist"; sourceTree = "<group>"; };
		13EC391616EB9FE8005244BD /* main.m */ = {isa = PBXFileReference; lastKnownFileType = sourcecode.c.objc; path = main.m; sourceTree = "<group>"; };
		13EC391816EB9FE8005244BD /* Lilly Poison-Prefix.pch */ = {isa = PBXFileReference; lastKnownFileType = sourcecode.c.h; path = "Lilly Poison-Prefix.pch"; sourceTree = "<group>"; };
		13EC391916EB9FE8005244BD /* LPAppDelegate.h */ = {isa = PBXFileReference; lastKnownFileType = sourcecode.c.h; path = LPAppDelegate.h; sourceTree = "<group>"; };
		13EC391A16EB9FE8005244BD /* LPAppDelegate.m */ = {isa = PBXFileReference; lastKnownFileType = sourcecode.c.objc; path = LPAppDelegate.m; sourceTree = "<group>"; };
		13EC392A16EB9FE8005244BD /* Lilly PoisonTests.octest */ = {isa = PBXFileReference; explicitFileType = wrapper.cfbundle; includeInIndex = 0; path = "Lilly PoisonTests.octest"; sourceTree = BUILT_PRODUCTS_DIR; };
		13EC392B16EB9FE8005244BD /* SenTestingKit.framework */ = {isa = PBXFileReference; lastKnownFileType = wrapper.framework; name = SenTestingKit.framework; path = Library/Frameworks/SenTestingKit.framework; sourceTree = DEVELOPER_DIR; };
		13EC393416EB9FE8005244BD /* Lilly PoisonTests-Info.plist */ = {isa = PBXFileReference; lastKnownFileType = text.plist.xml; path = "Lilly PoisonTests-Info.plist"; sourceTree = "<group>"; };
		13EC393816EB9FE8005244BD /* Lilly_PoisenTests.h */ = {isa = PBXFileReference; lastKnownFileType = sourcecode.c.h; path = Lilly_PoisenTests.h; sourceTree = "<group>"; };
		13EC393916EB9FE8005244BD /* Lilly_PoisenTests.m */ = {isa = PBXFileReference; lastKnownFileType = sourcecode.c.objc; path = Lilly_PoisenTests.m; sourceTree = "<group>"; };
		13EC394316EBA0A8005244BD /* MainStoryboard.storyboard */ = {isa = PBXFileReference; fileEncoding = 4; lastKnownFileType = file.storyboard; path = MainStoryboard.storyboard; sourceTree = "<group>"; };
		9CD8C7B8B26B4371B8B30F79 /* Pods.xcconfig */ = {isa = PBXFileReference; includeInIndex = 1; lastKnownFileType = text.xcconfig; name = Pods.xcconfig; path = Pods/Pods.xcconfig; sourceTree = SOURCE_ROOT; };
		CFC2B241B0EB42DF9EDE0157 /* libPods.a */ = {isa = PBXFileReference; explicitFileType = archive.ar; includeInIndex = 0; path = libPods.a; sourceTree = BUILT_PRODUCTS_DIR; };
/* End PBXFileReference section */

/* Begin PBXFrameworksBuildPhase section */
		13323A5117103B3D0097C0AD /* Frameworks */ = {
			isa = PBXFrameworksBuildPhase;
			buildActionMask = 2147483647;
			files = (
				13323A5217103B3D0097C0AD /* MessageUI.framework in Frameworks */,
				13323A5317103B3D0097C0AD /* libz.1.1.3.dylib in Frameworks */,
				13323A5417103B3D0097C0AD /* UIKit.framework in Frameworks */,
				13323A5517103B3D0097C0AD /* Foundation.framework in Frameworks */,
				13323A5617103B3D0097C0AD /* CoreGraphics.framework in Frameworks */,
				13323A5717103B3D0097C0AD /* CoreData.framework in Frameworks */,
				13323A5817103B3D0097C0AD /* libPods.a in Frameworks */,
			);
			runOnlyForDeploymentPostprocessing = 0;
		};
		13EC392616EB9FE8005244BD /* Frameworks */ = {
			isa = PBXFrameworksBuildPhase;
			buildActionMask = 2147483647;
			files = (
				13EC392C16EB9FE8005244BD /* SenTestingKit.framework in Frameworks */,
				13EC392D16EB9FE8005244BD /* UIKit.framework in Frameworks */,
				13EC392E16EB9FE8005244BD /* Foundation.framework in Frameworks */,
				13EC392F16EB9FE8005244BD /* CoreData.framework in Frameworks */,
			);
			runOnlyForDeploymentPostprocessing = 0;
		};
/* End PBXFrameworksBuildPhase section */

/* Begin PBXGroup section */
		131341D316EE0C0200734F5E /* Model */ = {
			isa = PBXGroup;
			children = (
				1381B34316F4A4B400143FEA /* LPPoison.h */,
				1381B34416F4A4B400143FEA /* LPPoison.m */,
				13A0B6781709EB7200B4970F /* LPTopic.h */,
				13A0B6791709EB7200B4970F /* LPTopic.m */,
			);
			name = Model;
			sourceTree = "<group>";
		};
		132D26DC1700769E00967E5C /* Content */ = {
			isa = PBXGroup;
			children = (
				132D26E7170076AA00967E5C /* summary.html */,
				132D26DE170076AA00967E5C /* footer.html */,
				132D26DF170076AA00967E5C /* header.html */,
				132D26E0170076AA00967E5C /* main-info.plist */,
				132D26E2170076AA00967E5C /* style.css */,
				13D7F43F170455EB001D7F93 /* poisons.json */,
				13A0B6711709E67F00B4970F /* topics.json */,
			);
			name = Content;
			sourceTree = "<group>";
		};
		1381B33A16F1239D00143FEA /* Resources */ = {
			isa = PBXGroup;
			children = (
				1381B36016F4E82800143FEA /* LPHtmlStringHelper.h */,
				1381B36116F4E82800143FEA /* LPHtmlStringHelper.m */,
			);
			name = Resources;
			sourceTree = "<group>";
		};
		13A0B6731709E74500B4970F /* Data from WP */ = {
			isa = PBXGroup;
			children = (
				13A0B67E1709F7BD00B4970F /* LPJSONfromWP.h */,
				13A0B67F1709F7BD00B4970F /* LPJSONfromWP.m */,
				13A0B6811709FBF100B4970F /* LPPoisonDataFromWP.h */,
				13A0B6821709FBF100B4970F /* LPPoisonDataFromWP.m */,
				13A0B684170A08C900B4970F /* LPTopicDataFromWP.h */,
				13A0B685170A08C900B4970F /* LPTopicDataFromWP.m */,
			);
			name = "Data from WP";
			sourceTree = "<group>";
		};
		13EC38FC16EB9FE8005244BD = {
			isa = PBXGroup;
			children = (
				138AACC81711D68000D40198 /* Default@2x.png */,
				138AACC61711D67D00D40198 /* Default.png */,
				138AACC41711D66500D40198 /* Default-568h@2x.png */,
				138AACBE17104BCF00D40198 /* PoisonInfo_114-beta.png */,
				138AACBC17104BCC00D40198 /* PoisonInfo_57-beta.png */,
				138AACBA17104A5D00D40198 /* PoisonInfo_114.png */,
				138AACB817104A5A00D40198 /* PoisonInfo_57.png */,
				13EC391016EB9FE8005244BD /* Lilly Poison */,
				13EC393216EB9FE8005244BD /* Lilly PoisonTests */,
				13EC390716EB9FE8005244BD /* Frameworks */,
				13EC390616EB9FE8005244BD /* Products */,
				9CD8C7B8B26B4371B8B30F79 /* Pods.xcconfig */,
			);
			sourceTree = "<group>";
		};
		13EC390616EB9FE8005244BD /* Products */ = {
			isa = PBXGroup;
			children = (
				13EC392A16EB9FE8005244BD /* Lilly PoisonTests.octest */,
				13323A7417103B3D0097C0AD /* PoisonInfo.app */,
			);
			name = Products;
			sourceTree = "<group>";
		};
		13EC390716EB9FE8005244BD /* Frameworks */ = {
			isa = PBXGroup;
			children = (
				134EA9A1170DB7BE00F4D166 /* MessageUI.framework */,
				1397DDA616ED0A060061087F /* libz.1.1.3.dylib */,
				1397DDA416ED09EE0061087F /* libz.dylib */,
				13EC390816EB9FE8005244BD /* UIKit.framework */,
				13EC390A16EB9FE8005244BD /* Foundation.framework */,
				13EC390C16EB9FE8005244BD /* CoreGraphics.framework */,
				13EC390E16EB9FE8005244BD /* CoreData.framework */,
				13EC392B16EB9FE8005244BD /* SenTestingKit.framework */,
				CFC2B241B0EB42DF9EDE0157 /* libPods.a */,
			);
			name = Frameworks;
			sourceTree = "<group>";
		};
		13EC391016EB9FE8005244BD /* Lilly Poison */ = {
			isa = PBXGroup;
			children = (
				132D26DC1700769E00967E5C /* Content */,
				13A0B6731709E74500B4970F /* Data from WP */,
				13EC391916EB9FE8005244BD /* LPAppDelegate.h */,
				13EC391A16EB9FE8005244BD /* LPAppDelegate.m */,
				13EB1A1D16EBA9EE00170579 /* LPMainViewController.h */,
				13EB1A1E16EBA9EE00170579 /* LPMainViewController.m */,
				13794DD816EBE0C6003EF093 /* LPPoisonDataSource.h */,
				13794DD916EBE0C6003EF093 /* LPPoisonDataSource.m */,
				13794DDB16EBE223003EF093 /* LPPoisonTableViewController.h */,
				13794DDC16EBE223003EF093 /* LPPoisonTableViewController.m */,
				13EC394316EBA0A8005244BD /* MainStoryboard.storyboard */,
				131341D316EE0C0200734F5E /* Model */,
				1381B33A16F1239D00143FEA /* Resources */,
				13EC391116EB9FE8005244BD /* Supporting Files */,
				13A0B687170A3ECE00B4970F /* LPTopicDataSource.h */,
				13A0B688170A3ECE00B4970F /* LPTopicDataSource.m */,
				13252472170ABCC70025B78D /* LPPhoneBooth.h */,
				13252473170ABCC70025B78D /* LPPhoneBooth.m */,
			);
			name = "Lilly Poison";
			path = "Lilly Poisen";
			sourceTree = "<group>";
		};
		13EC391116EB9FE8005244BD /* Supporting Files */ = {
			isa = PBXGroup;
			children = (
				13323A7617103C5E0097C0AD /* Lilly Poison - Info.plist */,
				134EA9B3170DBF8700F4D166 /* InfoPage.plist */,
				13EC391216EB9FE8005244BD /* Lilly Poison Beta - Info.plist */,
				13EC391616EB9FE8005244BD /* main.m */,
				13EC391816EB9FE8005244BD /* Lilly Poison-Prefix.pch */,
				134EA9AD170DBB6000F4D166 /* Localizable.strings */,
				13323A7717103DA90097C0AD /* InfoPlist.strings */,
			);
			name = "Supporting Files";
			sourceTree = "<group>";
		};
		13EC393216EB9FE8005244BD /* Lilly PoisonTests */ = {
			isa = PBXGroup;
			children = (
				13EC393816EB9FE8005244BD /* Lilly_PoisenTests.h */,
				13EC393916EB9FE8005244BD /* Lilly_PoisenTests.m */,
				13EC393316EB9FE8005244BD /* Supporting Files */,
			);
			name = "Lilly PoisonTests";
			path = "Lilly PoisenTests";
			sourceTree = "<group>";
		};
		13EC393316EB9FE8005244BD /* Supporting Files */ = {
			isa = PBXGroup;
			children = (
				13EC393416EB9FE8005244BD /* Lilly PoisonTests-Info.plist */,
			);
			name = "Supporting Files";
			sourceTree = "<group>";
		};
/* End PBXGroup section */

/* Begin PBXNativeTarget section */
		13323A3E17103B3D0097C0AD /* Lilly Poison */ = {
			isa = PBXNativeTarget;
			buildConfigurationList = 13323A7017103B3D0097C0AD /* Build configuration list for PBXNativeTarget "Lilly Poison" */;
			buildPhases = (
				13323A3F17103B3D0097C0AD /* Sources */,
				13323A5117103B3D0097C0AD /* Frameworks */,
				13323A5917103B3D0097C0AD /* Resources */,
				13323A6F17103B3D0097C0AD /* Copy Pods Resources */,
			);
			buildRules = (
			);
			dependencies = (
			);
			name = "Lilly Poison";
			productName = "Lilly Poisen";
			productReference = 13323A7417103B3D0097C0AD /* PoisonInfo.app */;
			productType = "com.apple.product-type.application";
		};
		13EC392916EB9FE8005244BD /* Lilly PoisonTests */ = {
			isa = PBXNativeTarget;
			buildConfigurationList = 13EC394016EB9FE8005244BD /* Build configuration list for PBXNativeTarget "Lilly PoisonTests" */;
			buildPhases = (
				13EC392516EB9FE8005244BD /* Sources */,
				13EC392616EB9FE8005244BD /* Frameworks */,
				13EC392716EB9FE8005244BD /* Resources */,
				13EC392816EB9FE8005244BD /* ShellScript */,
			);
			buildRules = (
			);
			dependencies = (
			);
			name = "Lilly PoisonTests";
			productName = "Lilly PoisenTests";
			productReference = 13EC392A16EB9FE8005244BD /* Lilly PoisonTests.octest */;
			productType = "com.apple.product-type.bundle";
		};
/* End PBXNativeTarget section */

/* Begin PBXProject section */
		13EC38FD16EB9FE8005244BD /* Project object */ = {
			isa = PBXProject;
			attributes = {
				CLASSPREFIX = LP;
				LastUpgradeCheck = 0460;
				ORGANIZATIONNAME = bGraphic;
			};
			buildConfigurationList = 13EC390016EB9FE8005244BD /* Build configuration list for PBXProject "Lilly Poison" */;
			compatibilityVersion = "Xcode 3.2";
			developmentRegion = English;
			hasScannedForEncodings = 0;
			knownRegions = (
				en,
				nb,
			);
			mainGroup = 13EC38FC16EB9FE8005244BD;
			productRefGroup = 13EC390616EB9FE8005244BD /* Products */;
			projectDirPath = "";
			projectRoot = "";
			targets = (
				13323A3E17103B3D0097C0AD /* Lilly Poison */,
				13EC392916EB9FE8005244BD /* Lilly PoisonTests */,
			);
		};
/* End PBXProject section */

/* Begin PBXResourcesBuildPhase section */
		13323A5917103B3D0097C0AD /* Resources */ = {
			isa = PBXResourcesBuildPhase;
			buildActionMask = 2147483647;
			files = (
				13323A5D17103B3D0097C0AD /* MainStoryboard.storyboard in Resources */,
				13323A5E17103B3D0097C0AD /* footer.html in Resources */,
				13323A5F17103B3D0097C0AD /* header.html in Resources */,
				13323A6017103B3D0097C0AD /* main-info.plist in Resources */,
				13323A6117103B3D0097C0AD /* style.css in Resources */,
				13323A6217103B3D0097C0AD /* summary.html in Resources */,
				13323A6317103B3D0097C0AD /* poisons.json in Resources */,
				13323A6417103B3D0097C0AD /* topics.json in Resources */,
				13323A6A17103B3D0097C0AD /* InfoPage.plist in Resources */,
				13323A7917103DA90097C0AD /* InfoPlist.strings in Resources */,
				138AACB917104A5A00D40198 /* PoisonInfo_57.png in Resources */,
				138AACBB17104A5D00D40198 /* PoisonInfo_114.png in Resources */,
				138AACCA1711D6E800D40198 /* Default-568h@2x.png in Resources */,
				138AACCB1711D6EB00D40198 /* Default@2x.png in Resources */,
				138AACCC1711D6ED00D40198 /* Default.png in Resources */,
				139F8A77174E4FA4007B20B4 /* Localizable.strings in Resources */,
			);
			runOnlyForDeploymentPostprocessing = 0;
		};
		13EC392716EB9FE8005244BD /* Resources */ = {
			isa = PBXResourcesBuildPhase;
			buildActionMask = 2147483647;
			files = (
				13EC394516EBA0A8005244BD /* MainStoryboard.storyboard in Resources */,
			);
			runOnlyForDeploymentPostprocessing = 0;
		};
/* End PBXResourcesBuildPhase section */

/* Begin PBXShellScriptBuildPhase section */
		13323A6F17103B3D0097C0AD /* Copy Pods Resources */ = {
			isa = PBXShellScriptBuildPhase;
			buildActionMask = 2147483647;
			files = (
			);
			inputPaths = (
			);
			name = "Copy Pods Resources";
			outputPaths = (
			);
			runOnlyForDeploymentPostprocessing = 0;
			shellPath = /bin/sh;
			shellScript = "\"${SRCROOT}/Pods/Pods-resources.sh\"\n";
		};
		13EC392816EB9FE8005244BD /* ShellScript */ = {
			isa = PBXShellScriptBuildPhase;
			buildActionMask = 2147483647;
			files = (
			);
			inputPaths = (
			);
			outputPaths = (
			);
			runOnlyForDeploymentPostprocessing = 0;
			shellPath = /bin/sh;
			shellScript = "# Run the unit tests in this test bundle.\n\"${SYSTEM_DEVELOPER_DIR}/Tools/RunUnitTests\"\n";
		};
/* End PBXShellScriptBuildPhase section */

/* Begin PBXSourcesBuildPhase section */
		13323A3F17103B3D0097C0AD /* Sources */ = {
			isa = PBXSourcesBuildPhase;
			buildActionMask = 2147483647;
			files = (
				13323A4017103B3D0097C0AD /* main.m in Sources */,
				13323A4117103B3D0097C0AD /* LPAppDelegate.m in Sources */,
				13323A4217103B3D0097C0AD /* LPMainViewController.m in Sources */,
				13323A4317103B3D0097C0AD /* LPPoisonDataSource.m in Sources */,
				13323A4417103B3D0097C0AD /* LPPoisonTableViewController.m in Sources */,
				13323A4517103B3D0097C0AD /* LPPoison.m in Sources */,
				13323A4617103B3D0097C0AD /* LPHtmlStringHelper.m in Sources */,
				13323A4717103B3D0097C0AD /* LPTopic.m in Sources */,
				13323A4817103B3D0097C0AD /* LPJSONfromWP.m in Sources */,
				13323A4917103B3D0097C0AD /* LPPoisonDataFromWP.m in Sources */,
				13323A4A17103B3D0097C0AD /* LPTopicDataFromWP.m in Sources */,
				13323A4B17103B3D0097C0AD /* LPTopicDataSource.m in Sources */,
				13323A4C17103B3D0097C0AD /* LPPhoneBooth.m in Sources */,
			);
			runOnlyForDeploymentPostprocessing = 0;
		};
		13EC392516EB9FE8005244BD /* Sources */ = {
			isa = PBXSourcesBuildPhase;
			buildActionMask = 2147483647;
			files = (
				13EC393A16EB9FE8005244BD /* Lilly_PoisenTests.m in Sources */,
			);
			runOnlyForDeploymentPostprocessing = 0;
		};
/* End PBXSourcesBuildPhase section */

/* Begin PBXVariantGroup section */
		134EA9AD170DBB6000F4D166 /* Localizable.strings */ = {
			isa = PBXVariantGroup;
			children = (
				134EA9AE170DBB6A00F4D166 /* nb */,
			);
			name = Localizable.strings;
			sourceTree = "<group>";
		};
/* End PBXVariantGroup section */

/* Begin XCBuildConfiguration section */
		13323A7117103B3D0097C0AD /* Debug */ = {
			isa = XCBuildConfiguration;
			baseConfigurationReference = 9CD8C7B8B26B4371B8B30F79 /* Pods.xcconfig */;
			buildSettings = {
				GCC_PRECOMPILE_PREFIX_HEADER = YES;
				GCC_PREFIX_HEADER = "Lilly Poisen/Lilly Poison-Prefix.pch";
				INFOPLIST_FILE = "Lilly Poisen/Lilly Poison - Info.plist";
				IPHONEOS_DEPLOYMENT_TARGET = 5.0;
				LIBRARY_SEARCH_PATHS = "$(inherited)";
				PRODUCT_NAME = PoisonInfo;
				TARGETED_DEVICE_FAMILY = 1;
				WRAPPER_EXTENSION = app;
			};
			name = Debug;
		};
		13323A7217103B3D0097C0AD /* Release */ = {
			isa = XCBuildConfiguration;
			baseConfigurationReference = 9CD8C7B8B26B4371B8B30F79 /* Pods.xcconfig */;
			buildSettings = {
				GCC_PRECOMPILE_PREFIX_HEADER = YES;
				GCC_PREFIX_HEADER = "Lilly Poisen/Lilly Poison-Prefix.pch";
				INFOPLIST_FILE = "Lilly Poisen/Lilly Poison - Info.plist";
				IPHONEOS_DEPLOYMENT_TARGET = 5.0;
				LIBRARY_SEARCH_PATHS = "$(inherited)";
				PRODUCT_NAME = PoisonInfo;
				TARGETED_DEVICE_FAMILY = 1;
				WRAPPER_EXTENSION = app;
			};
			name = Release;
		};
		13323A7317103B3D0097C0AD /* AdHoc */ = {
			isa = XCBuildConfiguration;
			baseConfigurationReference = 9CD8C7B8B26B4371B8B30F79 /* Pods.xcconfig */;
			buildSettings = {
				GCC_PRECOMPILE_PREFIX_HEADER = YES;
				GCC_PREFIX_HEADER = "Lilly Poisen/Lilly Poison-Prefix.pch";
				INFOPLIST_FILE = "Lilly Poisen/Lilly Poison - Info.plist";
				IPHONEOS_DEPLOYMENT_TARGET = 5.0;
				LIBRARY_SEARCH_PATHS = "$(inherited)";
				PRODUCT_NAME = PoisonInfo;
				TARGETED_DEVICE_FAMILY = 1;
				WRAPPER_EXTENSION = app;
			};
			name = AdHoc;
		};
		1397DDA816ED0A270061087F /* AdHoc */ = {
			isa = XCBuildConfiguration;
			buildSettings = {
				ALWAYS_SEARCH_USER_PATHS = NO;
				CLANG_CXX_LANGUAGE_STANDARD = "gnu++0x";
				CLANG_CXX_LIBRARY = "libc++";
				CLANG_ENABLE_OBJC_ARC = YES;
				CLANG_WARN_CONSTANT_CONVERSION = YES;
				CLANG_WARN_EMPTY_BODY = YES;
				CLANG_WARN_ENUM_CONVERSION = YES;
				CLANG_WARN_INT_CONVERSION = YES;
				CLANG_WARN__DUPLICATE_METHOD_MATCH = YES;
				"CODE_SIGN_IDENTITY[sdk=iphoneos*]" = "iPhone Distribution: Benedicte Raae";
				COPY_PHASE_STRIP = YES;
				GCC_C_LANGUAGE_STANDARD = gnu99;
				GCC_PREPROCESSOR_DEFINITIONS = "ADHOC=1";
				GCC_WARN_ABOUT_RETURN_TYPE = YES;
				GCC_WARN_UNINITIALIZED_AUTOS = YES;
				GCC_WARN_UNUSED_VARIABLE = YES;
				IPHONEOS_DEPLOYMENT_TARGET = 6.1;
				OTHER_CFLAGS = "-DNS_BLOCK_ASSERTIONS=1";
				"PROVISIONING_PROFILE[sdk=iphoneos*]" = "9DCE4166-5D44-4FFB-B4BB-1D7A671AAA9C";
				SDKROOT = iphoneos;
				VALIDATE_PRODUCT = YES;
			};
			name = AdHoc;
		};
		1397DDAA16ED0A270061087F /* AdHoc */ = {
			isa = XCBuildConfiguration;
			buildSettings = {
				BUNDLE_LOADER = "$(BUILT_PRODUCTS_DIR)/Lilly Poisen.app/Lilly Poisen";
				FRAMEWORK_SEARCH_PATHS = (
					"\"$(SDKROOT)/Developer/Library/Frameworks\"",
					"\"$(DEVELOPER_LIBRARY_DIR)/Frameworks\"",
				);
				GCC_PRECOMPILE_PREFIX_HEADER = YES;
				GCC_PREFIX_HEADER = "Lilly Poisen/Lilly Poisen-Prefix.pch";
				INFOPLIST_FILE = "Lilly PoisenTests/Lilly PoisonTests-Info.plist";
				PRODUCT_NAME = "Lilly PoisonTests";
				TEST_HOST = "$(BUNDLE_LOADER)";
				WRAPPER_EXTENSION = octest;
			};
			name = AdHoc;
		};
		13EC393B16EB9FE8005244BD /* Debug */ = {
			isa = XCBuildConfiguration;
			buildSettings = {
				ALWAYS_SEARCH_USER_PATHS = NO;
				CLANG_CXX_LANGUAGE_STANDARD = "gnu++0x";
				CLANG_CXX_LIBRARY = "libc++";
				CLANG_ENABLE_OBJC_ARC = YES;
				CLANG_WARN_CONSTANT_CONVERSION = YES;
				CLANG_WARN_EMPTY_BODY = YES;
				CLANG_WARN_ENUM_CONVERSION = YES;
				CLANG_WARN_INT_CONVERSION = YES;
				CLANG_WARN__DUPLICATE_METHOD_MATCH = YES;
				"CODE_SIGN_IDENTITY[sdk=iphoneos*]" = "iPhone Developer";
				COPY_PHASE_STRIP = NO;
				GCC_C_LANGUAGE_STANDARD = gnu99;
				GCC_DYNAMIC_NO_PIC = NO;
				GCC_OPTIMIZATION_LEVEL = 0;
				GCC_PREPROCESSOR_DEFINITIONS = (
					"DEBUG=1",
					"$(inherited)",
				);
				GCC_SYMBOLS_PRIVATE_EXTERN = NO;
				GCC_WARN_ABOUT_RETURN_TYPE = YES;
				GCC_WARN_UNINITIALIZED_AUTOS = YES;
				GCC_WARN_UNUSED_VARIABLE = YES;
				IPHONEOS_DEPLOYMENT_TARGET = 6.1;
				ONLY_ACTIVE_ARCH = YES;
				SDKROOT = iphoneos;
			};
			name = Debug;
		};
		13EC393C16EB9FE8005244BD /* Release */ = {
			isa = XCBuildConfiguration;
			buildSettings = {
				ALWAYS_SEARCH_USER_PATHS = NO;
				CLANG_CXX_LANGUAGE_STANDARD = "gnu++0x";
				CLANG_CXX_LIBRARY = "libc++";
				CLANG_ENABLE_OBJC_ARC = YES;
				CLANG_WARN_CONSTANT_CONVERSION = YES;
				CLANG_WARN_EMPTY_BODY = YES;
				CLANG_WARN_ENUM_CONVERSION = YES;
				CLANG_WARN_INT_CONVERSION = YES;
				CLANG_WARN__DUPLICATE_METHOD_MATCH = YES;
				CODE_SIGN_IDENTITY = "iPhone Distribution: bGraphic AS";
				"CODE_SIGN_IDENTITY[sdk=iphoneos*]" = "iPhone Developer";
				COPY_PHASE_STRIP = YES;
				GCC_C_LANGUAGE_STANDARD = gnu99;
				GCC_PREPROCESSOR_DEFINITIONS = "RELEASE=1";
				GCC_WARN_ABOUT_RETURN_TYPE = YES;
				GCC_WARN_UNINITIALIZED_AUTOS = YES;
				GCC_WARN_UNUSED_VARIABLE = YES;
				IPHONEOS_DEPLOYMENT_TARGET = 6.1;
				OTHER_CFLAGS = "-DNS_BLOCK_ASSERTIONS=1";
				PROVISIONING_PROFILE = "A786AAA3-040F-4BD8-8085-AF6FC71B0D41";
				SDKROOT = iphoneos;
				VALIDATE_PRODUCT = YES;
			};
			name = Release;
		};
		13EC394116EB9FE8005244BD /* Debug */ = {
			isa = XCBuildConfiguration;
			buildSettings = {
				BUNDLE_LOADER = "$(BUILT_PRODUCTS_DIR)/Lilly Poisen.app/Lilly Poisen";
				FRAMEWORK_SEARCH_PATHS = (
					"\"$(SDKROOT)/Developer/Library/Frameworks\"",
					"\"$(DEVELOPER_LIBRARY_DIR)/Frameworks\"",
				);
				GCC_PRECOMPILE_PREFIX_HEADER = YES;
				GCC_PREFIX_HEADER = "Lilly Poisen/Lilly Poisen-Prefix.pch";
				INFOPLIST_FILE = "Lilly PoisenTests/Lilly PoisonTests-Info.plist";
				PRODUCT_NAME = "Lilly PoisonTests";
				TEST_HOST = "$(BUNDLE_LOADER)";
				WRAPPER_EXTENSION = octest;
			};
			name = Debug;
		};
		13EC394216EB9FE8005244BD /* Release */ = {
			isa = XCBuildConfiguration;
			buildSettings = {
				BUNDLE_LOADER = "$(BUILT_PRODUCTS_DIR)/Lilly Poisen.app/Lilly Poisen";
				FRAMEWORK_SEARCH_PATHS = (
					"\"$(SDKROOT)/Developer/Library/Frameworks\"",
					"\"$(DEVELOPER_LIBRARY_DIR)/Frameworks\"",
				);
				GCC_PRECOMPILE_PREFIX_HEADER = YES;
				GCC_PREFIX_HEADER = "Lilly Poisen/Lilly Poisen-Prefix.pch";
				INFOPLIST_FILE = "Lilly PoisenTests/Lilly PoisonTests-Info.plist";
				PRODUCT_NAME = "Lilly PoisonTests";
				TEST_HOST = "$(BUNDLE_LOADER)";
				WRAPPER_EXTENSION = octest;
			};
			name = Release;
		};
/* End XCBuildConfiguration section */

/* Begin XCConfigurationList section */
		13323A7017103B3D0097C0AD /* Build configuration list for PBXNativeTarget "Lilly Poison" */ = {
			isa = XCConfigurationList;
			buildConfigurations = (
				13323A7117103B3D0097C0AD /* Debug */,
				13323A7217103B3D0097C0AD /* Release */,
				13323A7317103B3D0097C0AD /* AdHoc */,
			);
			defaultConfigurationIsVisible = 0;
			defaultConfigurationName = Release;
		};
		13EC390016EB9FE8005244BD /* Build configuration list for PBXProject "Lilly Poison" */ = {
			isa = XCConfigurationList;
			buildConfigurations = (
				13EC393B16EB9FE8005244BD /* Debug */,
				13EC393C16EB9FE8005244BD /* Release */,
				1397DDA816ED0A270061087F /* AdHoc */,
			);
			defaultConfigurationIsVisible = 0;
			defaultConfigurationName = Release;
		};
		13EC394016EB9FE8005244BD /* Build configuration list for PBXNativeTarget "Lilly PoisonTests" */ = {
			isa = XCConfigurationList;
			buildConfigurations = (
				13EC394116EB9FE8005244BD /* Debug */,
				13EC394216EB9FE8005244BD /* Release */,
				1397DDAA16ED0A270061087F /* AdHoc */,
			);
			defaultConfigurationIsVisible = 0;
			defaultConfigurationName = Release;
		};
/* End XCConfigurationList section */
	};
	rootObject = 13EC38FD16EB9FE8005244BD /* Project object */;
}
